
Microsoft Visual Studio Solution File, Format Version 12.00
# Visual Studio 14
VisualStudioVersion = 14.0.24720.0
MinimumVisualStudioVersion = 10.0.40219.1
Project("{2150E333-8FDC-42A3-9474-1A3956D46DE8}") = "nuget", "nuget", "{B5AEA046-0E87-4A7B-8F11-80B6BDDA1F2A}"
EndProject
Project("{FAE04EC0-301F-11D3-BF4B-00C04F79EFBC}") = "CrossPlatformLibrary.Callouts.NuGet", "CrossPlatformLibrary.Callouts.NuGet\CrossPlatformLibrary.Callouts.NuGet.csproj", "{2CF5E868-1098-4C6D-9001-27D8DC0D87BE}"
	ProjectSection(ProjectDependencies) = postProject
		{D7F3AA16-8EF1-4924-9E0A-DAD4AB46B2EB} = {D7F3AA16-8EF1-4924-9E0A-DAD4AB46B2EB}
		{56A56F17-7DE1-4CA1-9617-BF32E971AC84} = {56A56F17-7DE1-4CA1-9617-BF32E971AC84}
		{7169373F-0B82-4E5D-9129-7CC3065B90FA} = {7169373F-0B82-4E5D-9129-7CC3065B90FA}
		{A6FCEF44-D2BA-42C7-B3CB-13667BCD7B54} = {A6FCEF44-D2BA-42C7-B3CB-13667BCD7B54}
		{5876144B-47DD-4C4E-B421-BC03F191B996} = {5876144B-47DD-4C4E-B421-BC03F191B996}
		{ED9A4CA1-C04C-457D-9A2E-7995CCF12356} = {ED9A4CA1-C04C-457D-9A2E-7995CCF12356}
		{2882AEEB-D4CD-4EB9-8A6C-6653B33681F0} = {2882AEEB-D4CD-4EB9-8A6C-6653B33681F0}
	EndProjectSection
EndProject
Project("{FAE04EC0-301F-11D3-BF4B-00C04F79EFBC}") = "CrossPlatformLibrary.Callouts.Android", "CrossPlatformLibrary.Callouts.Android\CrossPlatformLibrary.Callouts.Android.csproj", "{56A56F17-7DE1-4CA1-9617-BF32E971AC84}"
EndProject
Project("{FAE04EC0-301F-11D3-BF4B-00C04F79EFBC}") = "CrossPlatformLibrary.Callouts.iOS", "CrossPlatformLibrary.Callouts.iOS\CrossPlatformLibrary.Callouts.iOS.csproj", "{D7F3AA16-8EF1-4924-9E0A-DAD4AB46B2EB}"
EndProject
Project("{FAE04EC0-301F-11D3-BF4B-00C04F79EFBC}") = "CrossPlatformLibrary.Callouts.iOSUnified", "CrossPlatformLibrary.Callouts.iOSUnified\CrossPlatformLibrary.Callouts.iOSUnified.csproj", "{2882AEEB-D4CD-4EB9-8A6C-6653B33681F0}"
EndProject
Project("{FAE04EC0-301F-11D3-BF4B-00C04F79EFBC}") = "CrossPlatformLibrary.Callouts.WindowsPhone8", "CrossPlatformLibrary.Callouts.WindowsPhone8\CrossPlatformLibrary.Callouts.WindowsPhone8.csproj", "{5876144B-47DD-4C4E-B421-BC03F191B996}"
EndProject
Project("{FAE04EC0-301F-11D3-BF4B-00C04F79EFBC}") = "CrossPlatformLibrary.Callouts.WindowsPhone81", "CrossPlatformLibrary.Callouts.WindowsPhone81\CrossPlatformLibrary.Callouts.WindowsPhone81.csproj", "{7169373F-0B82-4E5D-9129-7CC3065B90FA}"
EndProject
Project("{FAE04EC0-301F-11D3-BF4B-00C04F79EFBC}") = "CrossPlatformLibrary.Callouts.WindowsStore", "CrossPlatformLibrary.Callouts.WindowsStore\CrossPlatformLibrary.Callouts.WindowsStore.csproj", "{ED9A4CA1-C04C-457D-9A2E-7995CCF12356}"
EndProject
Project("{FAE04EC0-301F-11D3-BF4B-00C04F79EFBC}") = "CrossPlatformLibrary.Callouts", "CrossPlatformLibrary.Callouts\CrossPlatformLibrary.Callouts.csproj", "{A6FCEF44-D2BA-42C7-B3CB-13667BCD7B54}"
EndProject
Project("{2150E333-8FDC-42A3-9474-1A3956D46DE8}") = "Tests", "Tests", "{533683F1-B92C-4149-A2AD-6045623BC6D8}"
EndProject
Project("{2150E333-8FDC-42A3-9474-1A3956D46DE8}") = "Samples", "Samples", "{CF7F4F9A-C237-462C-AC73-B028B77310A3}"
EndProject
Project("{FAE04EC0-301F-11D3-BF4B-00C04F79EFBC}") = "CalloutsSample.WindowsStore81", "Samples\CalloutsSample.WindowsStore81\CalloutsSample.WindowsStore81.csproj", "{C7245ABF-C0C0-4CCA-A6E3-393CFAFE0BFC}"
EndProject
Project("{FAE04EC0-301F-11D3-BF4B-00C04F79EFBC}") = "CalloutsSample.WindowsPhone8", "Samples\CalloutsSample.WindowsPhone8\CalloutsSample.WindowsPhone8.csproj", "{06A8946E-A1B1-4D08-855F-798F50C0D8E7}"
EndProject
Project("{FAE04EC0-301F-11D3-BF4B-00C04F79EFBC}") = "CalloutsSample.WindowsPhone81", "Samples\CalloutsSample.WindowsPhone81\CalloutsSample.WindowsPhone81.csproj", "{71033A11-8395-47A6-BD8F-6F0224158332}"
EndProject
Project("{FAE04EC0-301F-11D3-BF4B-00C04F79EFBC}") = "CalloutsSample.Forms.Android", "Samples\CalloutsSample\CalloutsSample.Droid\CalloutsSample.Forms.Android.csproj", "{140FCBE4-065D-497B-93A9-9B55A5EE1E6C}"
EndProject
Project("{FAE04EC0-301F-11D3-BF4B-00C04F79EFBC}") = "CalloutsSample.Forms.iOS", "Samples\CalloutsSample\CalloutsSample.iOS\CalloutsSample.Forms.iOS.csproj", "{BC4D35CA-9335-4A75-972C-FA70A0FC0BD0}"
EndProject
Project("{FAE04EC0-301F-11D3-BF4B-00C04F79EFBC}") = "CalloutsSample.Forms.WindowsPhone8", "Samples\CalloutsSample\CalloutsSample.WinPhone\CalloutsSample.Forms.WindowsPhone8.csproj", "{17D28ABC-DBFA-46EE-8B02-FCDFD2AC9620}"
EndProject
Project("{FAE04EC0-301F-11D3-BF4B-00C04F79EFBC}") = "CalloutsSample.Forms", "Samples\CalloutsSample\CalloutsSample\CalloutsSample.Forms.csproj", "{70A9E1C9-514B-4D5E-8C3C-D511909AFAC0}"
EndProject
Project("{FAE04EC0-301F-11D3-BF4B-00C04F79EFBC}") = "CrossPlatformLibrary.Callouts.Netfx", "CrossPlatformLibrary.Callouts.Netfx\CrossPlatformLibrary.Callouts.Netfx.csproj", "{8F55A307-9930-46BB-93F8-16C59F71C8AD}"
EndProject
Project("{FAE04EC0-301F-11D3-BF4B-00C04F79EFBC}") = "CalloutsSample.WPF", "Samples\CalloutsSample.WPF\CalloutsSample.WPF.csproj", "{43FBEC2C-C928-4851-9FA2-DFE6D77B2B66}"
EndProject
Project("{FAE04EC0-301F-11D3-BF4B-00C04F79EFBC}") = "CrossPlatformLibrary.Callouts.UWP", "CrossPlatformLibrary.Callouts.UWP\CrossPlatformLibrary.Callouts.UWP.csproj", "{B04A158E-BA6E-4C57-99DF-C2A452DC8D71}"
EndProject
Global
	GlobalSection(SolutionConfigurationPlatforms) = preSolution
		Ad-Hoc|Any CPU = Ad-Hoc|Any CPU
		Ad-Hoc|ARM = Ad-Hoc|ARM
		Ad-Hoc|iPhone = Ad-Hoc|iPhone
		Ad-Hoc|iPhoneSimulator = Ad-Hoc|iPhoneSimulator
		Ad-Hoc|x64 = Ad-Hoc|x64
		Ad-Hoc|x86 = Ad-Hoc|x86
		AppStore|Any CPU = AppStore|Any CPU
		AppStore|ARM = AppStore|ARM
		AppStore|iPhone = AppStore|iPhone
		AppStore|iPhoneSimulator = AppStore|iPhoneSimulator
		AppStore|x64 = AppStore|x64
		AppStore|x86 = AppStore|x86
		Debug|Any CPU = Debug|Any CPU
		Debug|ARM = Debug|ARM
		Debug|iPhone = Debug|iPhone
		Debug|iPhoneSimulator = Debug|iPhoneSimulator
		Debug|x64 = Debug|x64
		Debug|x86 = Debug|x86
		Release|Any CPU = Release|Any CPU
		Release|ARM = Release|ARM
		Release|iPhone = Release|iPhone
		Release|iPhoneSimulator = Release|iPhoneSimulator
		Release|x64 = Release|x64
		Release|x86 = Release|x86
	EndGlobalSection
	GlobalSection(ProjectConfigurationPlatforms) = postSolution
		{2CF5E868-1098-4C6D-9001-27D8DC0D87BE}.Ad-Hoc|Any CPU.ActiveCfg = Release|Any CPU
		{2CF5E868-1098-4C6D-9001-27D8DC0D87BE}.Ad-Hoc|Any CPU.Build.0 = Release|Any CPU
		{2CF5E868-1098-4C6D-9001-27D8DC0D87BE}.Ad-Hoc|ARM.ActiveCfg = Release|Any CPU
		{2CF5E868-1098-4C6D-9001-27D8DC0D87BE}.Ad-Hoc|ARM.Build.0 = Release|Any CPU
		{2CF5E868-1098-4C6D-9001-27D8DC0D87BE}.Ad-Hoc|iPhone.ActiveCfg = Release|Any CPU
		{2CF5E868-1098-4C6D-9001-27D8DC0D87BE}.Ad-Hoc|iPhone.Build.0 = Release|Any CPU
		{2CF5E868-1098-4C6D-9001-27D8DC0D87BE}.Ad-Hoc|iPhoneSimulator.ActiveCfg = Release|Any CPU
		{2CF5E868-1098-4C6D-9001-27D8DC0D87BE}.Ad-Hoc|iPhoneSimulator.Build.0 = Release|Any CPU
		{2CF5E868-1098-4C6D-9001-27D8DC0D87BE}.Ad-Hoc|x64.ActiveCfg = Release|Any CPU
		{2CF5E868-1098-4C6D-9001-27D8DC0D87BE}.Ad-Hoc|x64.Build.0 = Release|Any CPU
		{2CF5E868-1098-4C6D-9001-27D8DC0D87BE}.Ad-Hoc|x86.ActiveCfg = Release|Any CPU
		{2CF5E868-1098-4C6D-9001-27D8DC0D87BE}.Ad-Hoc|x86.Build.0 = Release|Any CPU
		{2CF5E868-1098-4C6D-9001-27D8DC0D87BE}.AppStore|Any CPU.ActiveCfg = Release|Any CPU
		{2CF5E868-1098-4C6D-9001-27D8DC0D87BE}.AppStore|Any CPU.Build.0 = Release|Any CPU
		{2CF5E868-1098-4C6D-9001-27D8DC0D87BE}.AppStore|ARM.ActiveCfg = Release|Any CPU
		{2CF5E868-1098-4C6D-9001-27D8DC0D87BE}.AppStore|ARM.Build.0 = Release|Any CPU
		{2CF5E868-1098-4C6D-9001-27D8DC0D87BE}.AppStore|iPhone.ActiveCfg = Release|Any CPU
		{2CF5E868-1098-4C6D-9001-27D8DC0D87BE}.AppStore|iPhone.Build.0 = Release|Any CPU
		{2CF5E868-1098-4C6D-9001-27D8DC0D87BE}.AppStore|iPhoneSimulator.ActiveCfg = Release|Any CPU
		{2CF5E868-1098-4C6D-9001-27D8DC0D87BE}.AppStore|iPhoneSimulator.Build.0 = Release|Any CPU
		{2CF5E868-1098-4C6D-9001-27D8DC0D87BE}.AppStore|x64.ActiveCfg = Release|Any CPU
		{2CF5E868-1098-4C6D-9001-27D8DC0D87BE}.AppStore|x64.Build.0 = Release|Any CPU
		{2CF5E868-1098-4C6D-9001-27D8DC0D87BE}.AppStore|x86.ActiveCfg = Release|Any CPU
		{2CF5E868-1098-4C6D-9001-27D8DC0D87BE}.AppStore|x86.Build.0 = Release|Any CPU
		{2CF5E868-1098-4C6D-9001-27D8DC0D87BE}.Debug|Any CPU.ActiveCfg = Debug|Any CPU
		{2CF5E868-1098-4C6D-9001-27D8DC0D87BE}.Debug|ARM.ActiveCfg = Debug|Any CPU
		{2CF5E868-1098-4C6D-9001-27D8DC0D87BE}.Debug|iPhone.ActiveCfg = Debug|Any CPU
		{2CF5E868-1098-4C6D-9001-27D8DC0D87BE}.Debug|iPhone.Build.0 = Debug|Any CPU
		{2CF5E868-1098-4C6D-9001-27D8DC0D87BE}.Debug|iPhoneSimulator.ActiveCfg = Debug|Any CPU
		{2CF5E868-1098-4C6D-9001-27D8DC0D87BE}.Debug|x64.ActiveCfg = Debug|Any CPU
		{2CF5E868-1098-4C6D-9001-27D8DC0D87BE}.Debug|x86.ActiveCfg = Debug|Any CPU
		{2CF5E868-1098-4C6D-9001-27D8DC0D87BE}.Release|Any CPU.ActiveCfg = Release|Any CPU
		{2CF5E868-1098-4C6D-9001-27D8DC0D87BE}.Release|Any CPU.Build.0 = Release|Any CPU
		{2CF5E868-1098-4C6D-9001-27D8DC0D87BE}.Release|ARM.ActiveCfg = Release|Any CPU
		{2CF5E868-1098-4C6D-9001-27D8DC0D87BE}.Release|iPhone.ActiveCfg = Release|Any CPU
		{2CF5E868-1098-4C6D-9001-27D8DC0D87BE}.Release|iPhone.Build.0 = Release|Any CPU
		{2CF5E868-1098-4C6D-9001-27D8DC0D87BE}.Release|iPhoneSimulator.ActiveCfg = Release|Any CPU
		{2CF5E868-1098-4C6D-9001-27D8DC0D87BE}.Release|iPhoneSimulator.Build.0 = Release|Any CPU
		{2CF5E868-1098-4C6D-9001-27D8DC0D87BE}.Release|x64.ActiveCfg = Release|Any CPU
		{2CF5E868-1098-4C6D-9001-27D8DC0D87BE}.Release|x86.ActiveCfg = Release|Any CPU
		{56A56F17-7DE1-4CA1-9617-BF32E971AC84}.Ad-Hoc|Any CPU.ActiveCfg = Release|Any CPU
		{56A56F17-7DE1-4CA1-9617-BF32E971AC84}.Ad-Hoc|Any CPU.Build.0 = Release|Any CPU
		{56A56F17-7DE1-4CA1-9617-BF32E971AC84}.Ad-Hoc|ARM.ActiveCfg = Release|Any CPU
		{56A56F17-7DE1-4CA1-9617-BF32E971AC84}.Ad-Hoc|ARM.Build.0 = Release|Any CPU
		{56A56F17-7DE1-4CA1-9617-BF32E971AC84}.Ad-Hoc|iPhone.ActiveCfg = Release|Any CPU
		{56A56F17-7DE1-4CA1-9617-BF32E971AC84}.Ad-Hoc|iPhone.Build.0 = Release|Any CPU
		{56A56F17-7DE1-4CA1-9617-BF32E971AC84}.Ad-Hoc|iPhoneSimulator.ActiveCfg = Release|Any CPU
		{56A56F17-7DE1-4CA1-9617-BF32E971AC84}.Ad-Hoc|iPhoneSimulator.Build.0 = Release|Any CPU
		{56A56F17-7DE1-4CA1-9617-BF32E971AC84}.Ad-Hoc|x64.ActiveCfg = Release|Any CPU
		{56A56F17-7DE1-4CA1-9617-BF32E971AC84}.Ad-Hoc|x64.Build.0 = Release|Any CPU
		{56A56F17-7DE1-4CA1-9617-BF32E971AC84}.Ad-Hoc|x86.ActiveCfg = Release|Any CPU
		{56A56F17-7DE1-4CA1-9617-BF32E971AC84}.Ad-Hoc|x86.Build.0 = Release|Any CPU
		{56A56F17-7DE1-4CA1-9617-BF32E971AC84}.AppStore|Any CPU.ActiveCfg = Release|Any CPU
		{56A56F17-7DE1-4CA1-9617-BF32E971AC84}.AppStore|Any CPU.Build.0 = Release|Any CPU
		{56A56F17-7DE1-4CA1-9617-BF32E971AC84}.AppStore|ARM.ActiveCfg = Release|Any CPU
		{56A56F17-7DE1-4CA1-9617-BF32E971AC84}.AppStore|ARM.Build.0 = Release|Any CPU
		{56A56F17-7DE1-4CA1-9617-BF32E971AC84}.AppStore|iPhone.ActiveCfg = Release|Any CPU
		{56A56F17-7DE1-4CA1-9617-BF32E971AC84}.AppStore|iPhone.Build.0 = Release|Any CPU
		{56A56F17-7DE1-4CA1-9617-BF32E971AC84}.AppStore|iPhoneSimulator.ActiveCfg = Release|Any CPU
		{56A56F17-7DE1-4CA1-9617-BF32E971AC84}.AppStore|iPhoneSimulator.Build.0 = Release|Any CPU
		{56A56F17-7DE1-4CA1-9617-BF32E971AC84}.AppStore|x64.ActiveCfg = Release|Any CPU
		{56A56F17-7DE1-4CA1-9617-BF32E971AC84}.AppStore|x64.Build.0 = Release|Any CPU
		{56A56F17-7DE1-4CA1-9617-BF32E971AC84}.AppStore|x86.ActiveCfg = Release|Any CPU
		{56A56F17-7DE1-4CA1-9617-BF32E971AC84}.AppStore|x86.Build.0 = Release|Any CPU
		{56A56F17-7DE1-4CA1-9617-BF32E971AC84}.Debug|Any CPU.ActiveCfg = Debug|Any CPU
		{56A56F17-7DE1-4CA1-9617-BF32E971AC84}.Debug|Any CPU.Build.0 = Debug|Any CPU
		{56A56F17-7DE1-4CA1-9617-BF32E971AC84}.Debug|ARM.ActiveCfg = Debug|Any CPU
		{56A56F17-7DE1-4CA1-9617-BF32E971AC84}.Debug|iPhone.ActiveCfg = Debug|Any CPU
		{56A56F17-7DE1-4CA1-9617-BF32E971AC84}.Debug|iPhone.Build.0 = Debug|Any CPU
		{56A56F17-7DE1-4CA1-9617-BF32E971AC84}.Debug|iPhoneSimulator.ActiveCfg = Debug|Any CPU
		{56A56F17-7DE1-4CA1-9617-BF32E971AC84}.Debug|x64.ActiveCfg = Debug|Any CPU
		{56A56F17-7DE1-4CA1-9617-BF32E971AC84}.Debug|x86.ActiveCfg = Debug|Any CPU
		{56A56F17-7DE1-4CA1-9617-BF32E971AC84}.Release|Any CPU.ActiveCfg = Release|Any CPU
		{56A56F17-7DE1-4CA1-9617-BF32E971AC84}.Release|Any CPU.Build.0 = Release|Any CPU
		{56A56F17-7DE1-4CA1-9617-BF32E971AC84}.Release|ARM.ActiveCfg = Release|Any CPU
		{56A56F17-7DE1-4CA1-9617-BF32E971AC84}.Release|iPhone.ActiveCfg = Release|Any CPU
		{56A56F17-7DE1-4CA1-9617-BF32E971AC84}.Release|iPhone.Build.0 = Release|Any CPU
		{56A56F17-7DE1-4CA1-9617-BF32E971AC84}.Release|iPhoneSimulator.ActiveCfg = Release|Any CPU
		{56A56F17-7DE1-4CA1-9617-BF32E971AC84}.Release|iPhoneSimulator.Build.0 = Release|Any CPU
		{56A56F17-7DE1-4CA1-9617-BF32E971AC84}.Release|x64.ActiveCfg = Release|Any CPU
		{56A56F17-7DE1-4CA1-9617-BF32E971AC84}.Release|x86.ActiveCfg = Release|Any CPU
		{D7F3AA16-8EF1-4924-9E0A-DAD4AB46B2EB}.Ad-Hoc|Any CPU.ActiveCfg = Release|Any CPU
		{D7F3AA16-8EF1-4924-9E0A-DAD4AB46B2EB}.Ad-Hoc|Any CPU.Build.0 = Release|Any CPU
		{D7F3AA16-8EF1-4924-9E0A-DAD4AB46B2EB}.Ad-Hoc|ARM.ActiveCfg = Release|Any CPU
		{D7F3AA16-8EF1-4924-9E0A-DAD4AB46B2EB}.Ad-Hoc|ARM.Build.0 = Release|Any CPU
		{D7F3AA16-8EF1-4924-9E0A-DAD4AB46B2EB}.Ad-Hoc|iPhone.ActiveCfg = Release|Any CPU
		{D7F3AA16-8EF1-4924-9E0A-DAD4AB46B2EB}.Ad-Hoc|iPhone.Build.0 = Release|Any CPU
		{D7F3AA16-8EF1-4924-9E0A-DAD4AB46B2EB}.Ad-Hoc|iPhoneSimulator.ActiveCfg = Release|Any CPU
		{D7F3AA16-8EF1-4924-9E0A-DAD4AB46B2EB}.Ad-Hoc|iPhoneSimulator.Build.0 = Release|Any CPU
		{D7F3AA16-8EF1-4924-9E0A-DAD4AB46B2EB}.Ad-Hoc|x64.ActiveCfg = Release|Any CPU
		{D7F3AA16-8EF1-4924-9E0A-DAD4AB46B2EB}.Ad-Hoc|x64.Build.0 = Release|Any CPU
		{D7F3AA16-8EF1-4924-9E0A-DAD4AB46B2EB}.Ad-Hoc|x86.ActiveCfg = Release|Any CPU
		{D7F3AA16-8EF1-4924-9E0A-DAD4AB46B2EB}.Ad-Hoc|x86.Build.0 = Release|Any CPU
		{D7F3AA16-8EF1-4924-9E0A-DAD4AB46B2EB}.AppStore|Any CPU.ActiveCfg = Release|Any CPU
		{D7F3AA16-8EF1-4924-9E0A-DAD4AB46B2EB}.AppStore|Any CPU.Build.0 = Release|Any CPU
		{D7F3AA16-8EF1-4924-9E0A-DAD4AB46B2EB}.AppStore|ARM.ActiveCfg = Release|Any CPU
		{D7F3AA16-8EF1-4924-9E0A-DAD4AB46B2EB}.AppStore|ARM.Build.0 = Release|Any CPU
		{D7F3AA16-8EF1-4924-9E0A-DAD4AB46B2EB}.AppStore|iPhone.ActiveCfg = Release|Any CPU
		{D7F3AA16-8EF1-4924-9E0A-DAD4AB46B2EB}.AppStore|iPhone.Build.0 = Release|Any CPU
		{D7F3AA16-8EF1-4924-9E0A-DAD4AB46B2EB}.AppStore|iPhoneSimulator.ActiveCfg = Release|Any CPU
		{D7F3AA16-8EF1-4924-9E0A-DAD4AB46B2EB}.AppStore|iPhoneSimulator.Build.0 = Release|Any CPU
		{D7F3AA16-8EF1-4924-9E0A-DAD4AB46B2EB}.AppStore|x64.ActiveCfg = Release|Any CPU
		{D7F3AA16-8EF1-4924-9E0A-DAD4AB46B2EB}.AppStore|x64.Build.0 = Release|Any CPU
		{D7F3AA16-8EF1-4924-9E0A-DAD4AB46B2EB}.AppStore|x86.ActiveCfg = Release|Any CPU
		{D7F3AA16-8EF1-4924-9E0A-DAD4AB46B2EB}.AppStore|x86.Build.0 = Release|Any CPU
		{D7F3AA16-8EF1-4924-9E0A-DAD4AB46B2EB}.Debug|Any CPU.ActiveCfg = Debug|Any CPU
		{D7F3AA16-8EF1-4924-9E0A-DAD4AB46B2EB}.Debug|Any CPU.Build.0 = Debug|Any CPU
		{D7F3AA16-8EF1-4924-9E0A-DAD4AB46B2EB}.Debug|ARM.ActiveCfg = Debug|Any CPU
		{D7F3AA16-8EF1-4924-9E0A-DAD4AB46B2EB}.Debug|iPhone.ActiveCfg = Debug|Any CPU
		{D7F3AA16-8EF1-4924-9E0A-DAD4AB46B2EB}.Debug|iPhone.Build.0 = Debug|Any CPU
		{D7F3AA16-8EF1-4924-9E0A-DAD4AB46B2EB}.Debug|iPhoneSimulator.ActiveCfg = Debug|Any CPU
		{D7F3AA16-8EF1-4924-9E0A-DAD4AB46B2EB}.Debug|iPhoneSimulator.Build.0 = Debug|Any CPU
		{D7F3AA16-8EF1-4924-9E0A-DAD4AB46B2EB}.Debug|x64.ActiveCfg = Debug|Any CPU
		{D7F3AA16-8EF1-4924-9E0A-DAD4AB46B2EB}.Debug|x86.ActiveCfg = Debug|Any CPU
		{D7F3AA16-8EF1-4924-9E0A-DAD4AB46B2EB}.Release|Any CPU.ActiveCfg = Release|Any CPU
		{D7F3AA16-8EF1-4924-9E0A-DAD4AB46B2EB}.Release|Any CPU.Build.0 = Release|Any CPU
		{D7F3AA16-8EF1-4924-9E0A-DAD4AB46B2EB}.Release|ARM.ActiveCfg = Release|Any CPU
		{D7F3AA16-8EF1-4924-9E0A-DAD4AB46B2EB}.Release|iPhone.ActiveCfg = Release|Any CPU
		{D7F3AA16-8EF1-4924-9E0A-DAD4AB46B2EB}.Release|iPhone.Build.0 = Release|Any CPU
		{D7F3AA16-8EF1-4924-9E0A-DAD4AB46B2EB}.Release|iPhoneSimulator.ActiveCfg = Release|Any CPU
		{D7F3AA16-8EF1-4924-9E0A-DAD4AB46B2EB}.Release|iPhoneSimulator.Build.0 = Release|Any CPU
		{D7F3AA16-8EF1-4924-9E0A-DAD4AB46B2EB}.Release|x64.ActiveCfg = Release|Any CPU
		{D7F3AA16-8EF1-4924-9E0A-DAD4AB46B2EB}.Release|x86.ActiveCfg = Release|Any CPU
		{2882AEEB-D4CD-4EB9-8A6C-6653B33681F0}.Ad-Hoc|Any CPU.ActiveCfg = Release|Any CPU
		{2882AEEB-D4CD-4EB9-8A6C-6653B33681F0}.Ad-Hoc|Any CPU.Build.0 = Release|Any CPU
		{2882AEEB-D4CD-4EB9-8A6C-6653B33681F0}.Ad-Hoc|ARM.ActiveCfg = Release|Any CPU
		{2882AEEB-D4CD-4EB9-8A6C-6653B33681F0}.Ad-Hoc|ARM.Build.0 = Release|Any CPU
		{2882AEEB-D4CD-4EB9-8A6C-6653B33681F0}.Ad-Hoc|iPhone.ActiveCfg = Release|Any CPU
		{2882AEEB-D4CD-4EB9-8A6C-6653B33681F0}.Ad-Hoc|iPhone.Build.0 = Release|Any CPU
		{2882AEEB-D4CD-4EB9-8A6C-6653B33681F0}.Ad-Hoc|iPhoneSimulator.ActiveCfg = Release|Any CPU
		{2882AEEB-D4CD-4EB9-8A6C-6653B33681F0}.Ad-Hoc|iPhoneSimulator.Build.0 = Release|Any CPU
		{2882AEEB-D4CD-4EB9-8A6C-6653B33681F0}.Ad-Hoc|x64.ActiveCfg = Release|Any CPU
		{2882AEEB-D4CD-4EB9-8A6C-6653B33681F0}.Ad-Hoc|x64.Build.0 = Release|Any CPU
		{2882AEEB-D4CD-4EB9-8A6C-6653B33681F0}.Ad-Hoc|x86.ActiveCfg = Release|Any CPU
		{2882AEEB-D4CD-4EB9-8A6C-6653B33681F0}.Ad-Hoc|x86.Build.0 = Release|Any CPU
		{2882AEEB-D4CD-4EB9-8A6C-6653B33681F0}.AppStore|Any CPU.ActiveCfg = Release|Any CPU
		{2882AEEB-D4CD-4EB9-8A6C-6653B33681F0}.AppStore|Any CPU.Build.0 = Release|Any CPU
		{2882AEEB-D4CD-4EB9-8A6C-6653B33681F0}.AppStore|ARM.ActiveCfg = Release|Any CPU
		{2882AEEB-D4CD-4EB9-8A6C-6653B33681F0}.AppStore|ARM.Build.0 = Release|Any CPU
		{2882AEEB-D4CD-4EB9-8A6C-6653B33681F0}.AppStore|iPhone.ActiveCfg = Release|Any CPU
		{2882AEEB-D4CD-4EB9-8A6C-6653B33681F0}.AppStore|iPhone.Build.0 = Release|Any CPU
		{2882AEEB-D4CD-4EB9-8A6C-6653B33681F0}.AppStore|iPhoneSimulator.ActiveCfg = Release|Any CPU
		{2882AEEB-D4CD-4EB9-8A6C-6653B33681F0}.AppStore|iPhoneSimulator.Build.0 = Release|Any CPU
		{2882AEEB-D4CD-4EB9-8A6C-6653B33681F0}.AppStore|x64.ActiveCfg = Release|Any CPU
		{2882AEEB-D4CD-4EB9-8A6C-6653B33681F0}.AppStore|x64.Build.0 = Release|Any CPU
		{2882AEEB-D4CD-4EB9-8A6C-6653B33681F0}.AppStore|x86.ActiveCfg = Release|Any CPU
		{2882AEEB-D4CD-4EB9-8A6C-6653B33681F0}.AppStore|x86.Build.0 = Release|Any CPU
		{2882AEEB-D4CD-4EB9-8A6C-6653B33681F0}.Debug|Any CPU.ActiveCfg = Debug|Any CPU
		{2882AEEB-D4CD-4EB9-8A6C-6653B33681F0}.Debug|Any CPU.Build.0 = Debug|Any CPU
		{2882AEEB-D4CD-4EB9-8A6C-6653B33681F0}.Debug|ARM.ActiveCfg = Debug|Any CPU
		{2882AEEB-D4CD-4EB9-8A6C-6653B33681F0}.Debug|iPhone.ActiveCfg = Debug|Any CPU
		{2882AEEB-D4CD-4EB9-8A6C-6653B33681F0}.Debug|iPhone.Build.0 = Debug|Any CPU
		{2882AEEB-D4CD-4EB9-8A6C-6653B33681F0}.Debug|iPhoneSimulator.ActiveCfg = Debug|Any CPU
		{2882AEEB-D4CD-4EB9-8A6C-6653B33681F0}.Debug|iPhoneSimulator.Build.0 = Debug|Any CPU
		{2882AEEB-D4CD-4EB9-8A6C-6653B33681F0}.Debug|x64.ActiveCfg = Debug|Any CPU
		{2882AEEB-D4CD-4EB9-8A6C-6653B33681F0}.Debug|x86.ActiveCfg = Debug|Any CPU
		{2882AEEB-D4CD-4EB9-8A6C-6653B33681F0}.Release|Any CPU.ActiveCfg = Release|Any CPU
		{2882AEEB-D4CD-4EB9-8A6C-6653B33681F0}.Release|Any CPU.Build.0 = Release|Any CPU
		{2882AEEB-D4CD-4EB9-8A6C-6653B33681F0}.Release|ARM.ActiveCfg = Release|Any CPU
		{2882AEEB-D4CD-4EB9-8A6C-6653B33681F0}.Release|iPhone.ActiveCfg = Release|Any CPU
		{2882AEEB-D4CD-4EB9-8A6C-6653B33681F0}.Release|iPhone.Build.0 = Release|Any CPU
		{2882AEEB-D4CD-4EB9-8A6C-6653B33681F0}.Release|iPhoneSimulator.ActiveCfg = Release|Any CPU
		{2882AEEB-D4CD-4EB9-8A6C-6653B33681F0}.Release|iPhoneSimulator.Build.0 = Release|Any CPU
		{2882AEEB-D4CD-4EB9-8A6C-6653B33681F0}.Release|x64.ActiveCfg = Release|Any CPU
		{2882AEEB-D4CD-4EB9-8A6C-6653B33681F0}.Release|x86.ActiveCfg = Release|Any CPU
		{5876144B-47DD-4C4E-B421-BC03F191B996}.Ad-Hoc|Any CPU.ActiveCfg = Release|Any CPU
		{5876144B-47DD-4C4E-B421-BC03F191B996}.Ad-Hoc|Any CPU.Build.0 = Release|Any CPU
		{5876144B-47DD-4C4E-B421-BC03F191B996}.Ad-Hoc|ARM.ActiveCfg = Release|ARM
		{5876144B-47DD-4C4E-B421-BC03F191B996}.Ad-Hoc|ARM.Build.0 = Release|ARM
		{5876144B-47DD-4C4E-B421-BC03F191B996}.Ad-Hoc|iPhone.ActiveCfg = Release|Any CPU
		{5876144B-47DD-4C4E-B421-BC03F191B996}.Ad-Hoc|iPhone.Build.0 = Release|Any CPU
		{5876144B-47DD-4C4E-B421-BC03F191B996}.Ad-Hoc|iPhoneSimulator.ActiveCfg = Release|Any CPU
		{5876144B-47DD-4C4E-B421-BC03F191B996}.Ad-Hoc|iPhoneSimulator.Build.0 = Release|Any CPU
		{5876144B-47DD-4C4E-B421-BC03F191B996}.Ad-Hoc|x64.ActiveCfg = Release|Any CPU
		{5876144B-47DD-4C4E-B421-BC03F191B996}.Ad-Hoc|x64.Build.0 = Release|Any CPU
		{5876144B-47DD-4C4E-B421-BC03F191B996}.Ad-Hoc|x86.ActiveCfg = Release|x86
		{5876144B-47DD-4C4E-B421-BC03F191B996}.Ad-Hoc|x86.Build.0 = Release|x86
		{5876144B-47DD-4C4E-B421-BC03F191B996}.AppStore|Any CPU.ActiveCfg = Release|Any CPU
		{5876144B-47DD-4C4E-B421-BC03F191B996}.AppStore|Any CPU.Build.0 = Release|Any CPU
		{5876144B-47DD-4C4E-B421-BC03F191B996}.AppStore|ARM.ActiveCfg = Release|ARM
		{5876144B-47DD-4C4E-B421-BC03F191B996}.AppStore|ARM.Build.0 = Release|ARM
		{5876144B-47DD-4C4E-B421-BC03F191B996}.AppStore|iPhone.ActiveCfg = Release|Any CPU
		{5876144B-47DD-4C4E-B421-BC03F191B996}.AppStore|iPhone.Build.0 = Release|Any CPU
		{5876144B-47DD-4C4E-B421-BC03F191B996}.AppStore|iPhoneSimulator.ActiveCfg = Release|Any CPU
		{5876144B-47DD-4C4E-B421-BC03F191B996}.AppStore|iPhoneSimulator.Build.0 = Release|Any CPU
		{5876144B-47DD-4C4E-B421-BC03F191B996}.AppStore|x64.ActiveCfg = Release|Any CPU
		{5876144B-47DD-4C4E-B421-BC03F191B996}.AppStore|x64.Build.0 = Release|Any CPU
		{5876144B-47DD-4C4E-B421-BC03F191B996}.AppStore|x86.ActiveCfg = Release|x86
		{5876144B-47DD-4C4E-B421-BC03F191B996}.AppStore|x86.Build.0 = Release|x86
		{5876144B-47DD-4C4E-B421-BC03F191B996}.Debug|Any CPU.ActiveCfg = Debug|Any CPU
		{5876144B-47DD-4C4E-B421-BC03F191B996}.Debug|Any CPU.Build.0 = Debug|Any CPU
		{5876144B-47DD-4C4E-B421-BC03F191B996}.Debug|ARM.ActiveCfg = Debug|ARM
		{5876144B-47DD-4C4E-B421-BC03F191B996}.Debug|ARM.Build.0 = Debug|ARM
		{5876144B-47DD-4C4E-B421-BC03F191B996}.Debug|iPhone.ActiveCfg = Debug|Any CPU
		{5876144B-47DD-4C4E-B421-BC03F191B996}.Debug|iPhone.Build.0 = Debug|Any CPU
		{5876144B-47DD-4C4E-B421-BC03F191B996}.Debug|iPhoneSimulator.ActiveCfg = Debug|Any CPU
		{5876144B-47DD-4C4E-B421-BC03F191B996}.Debug|x64.ActiveCfg = Debug|Any CPU
		{5876144B-47DD-4C4E-B421-BC03F191B996}.Debug|x86.ActiveCfg = Debug|x86
		{5876144B-47DD-4C4E-B421-BC03F191B996}.Debug|x86.Build.0 = Debug|x86
		{5876144B-47DD-4C4E-B421-BC03F191B996}.Release|Any CPU.ActiveCfg = Release|Any CPU
		{5876144B-47DD-4C4E-B421-BC03F191B996}.Release|Any CPU.Build.0 = Release|Any CPU
		{5876144B-47DD-4C4E-B421-BC03F191B996}.Release|ARM.ActiveCfg = Release|ARM
		{5876144B-47DD-4C4E-B421-BC03F191B996}.Release|ARM.Build.0 = Release|ARM
		{5876144B-47DD-4C4E-B421-BC03F191B996}.Release|iPhone.ActiveCfg = Release|Any CPU
		{5876144B-47DD-4C4E-B421-BC03F191B996}.Release|iPhone.Build.0 = Release|Any CPU
		{5876144B-47DD-4C4E-B421-BC03F191B996}.Release|iPhoneSimulator.ActiveCfg = Release|Any CPU
		{5876144B-47DD-4C4E-B421-BC03F191B996}.Release|iPhoneSimulator.Build.0 = Release|Any CPU
		{5876144B-47DD-4C4E-B421-BC03F191B996}.Release|x64.ActiveCfg = Release|Any CPU
		{5876144B-47DD-4C4E-B421-BC03F191B996}.Release|x86.ActiveCfg = Release|x86
		{5876144B-47DD-4C4E-B421-BC03F191B996}.Release|x86.Build.0 = Release|x86
		{7169373F-0B82-4E5D-9129-7CC3065B90FA}.Ad-Hoc|Any CPU.ActiveCfg = Release|Any CPU
		{7169373F-0B82-4E5D-9129-7CC3065B90FA}.Ad-Hoc|Any CPU.Build.0 = Release|Any CPU
		{7169373F-0B82-4E5D-9129-7CC3065B90FA}.Ad-Hoc|ARM.ActiveCfg = Release|ARM
		{7169373F-0B82-4E5D-9129-7CC3065B90FA}.Ad-Hoc|ARM.Build.0 = Release|ARM
		{7169373F-0B82-4E5D-9129-7CC3065B90FA}.Ad-Hoc|iPhone.ActiveCfg = Release|Any CPU
		{7169373F-0B82-4E5D-9129-7CC3065B90FA}.Ad-Hoc|iPhone.Build.0 = Release|Any CPU
		{7169373F-0B82-4E5D-9129-7CC3065B90FA}.Ad-Hoc|iPhoneSimulator.ActiveCfg = Release|Any CPU
		{7169373F-0B82-4E5D-9129-7CC3065B90FA}.Ad-Hoc|iPhoneSimulator.Build.0 = Release|Any CPU
		{7169373F-0B82-4E5D-9129-7CC3065B90FA}.Ad-Hoc|x64.ActiveCfg = Release|Any CPU
		{7169373F-0B82-4E5D-9129-7CC3065B90FA}.Ad-Hoc|x64.Build.0 = Release|Any CPU
		{7169373F-0B82-4E5D-9129-7CC3065B90FA}.Ad-Hoc|x86.ActiveCfg = Release|x86
		{7169373F-0B82-4E5D-9129-7CC3065B90FA}.Ad-Hoc|x86.Build.0 = Release|x86
		{7169373F-0B82-4E5D-9129-7CC3065B90FA}.AppStore|Any CPU.ActiveCfg = Release|Any CPU
		{7169373F-0B82-4E5D-9129-7CC3065B90FA}.AppStore|Any CPU.Build.0 = Release|Any CPU
		{7169373F-0B82-4E5D-9129-7CC3065B90FA}.AppStore|ARM.ActiveCfg = Release|ARM
		{7169373F-0B82-4E5D-9129-7CC3065B90FA}.AppStore|ARM.Build.0 = Release|ARM
		{7169373F-0B82-4E5D-9129-7CC3065B90FA}.AppStore|iPhone.ActiveCfg = Release|Any CPU
		{7169373F-0B82-4E5D-9129-7CC3065B90FA}.AppStore|iPhone.Build.0 = Release|Any CPU
		{7169373F-0B82-4E5D-9129-7CC3065B90FA}.AppStore|iPhoneSimulator.ActiveCfg = Release|Any CPU
		{7169373F-0B82-4E5D-9129-7CC3065B90FA}.AppStore|iPhoneSimulator.Build.0 = Release|Any CPU
		{7169373F-0B82-4E5D-9129-7CC3065B90FA}.AppStore|x64.ActiveCfg = Release|Any CPU
		{7169373F-0B82-4E5D-9129-7CC3065B90FA}.AppStore|x64.Build.0 = Release|Any CPU
		{7169373F-0B82-4E5D-9129-7CC3065B90FA}.AppStore|x86.ActiveCfg = Release|x86
		{7169373F-0B82-4E5D-9129-7CC3065B90FA}.AppStore|x86.Build.0 = Release|x86
		{7169373F-0B82-4E5D-9129-7CC3065B90FA}.Debug|Any CPU.ActiveCfg = Debug|Any CPU
		{7169373F-0B82-4E5D-9129-7CC3065B90FA}.Debug|Any CPU.Build.0 = Debug|Any CPU
		{7169373F-0B82-4E5D-9129-7CC3065B90FA}.Debug|ARM.ActiveCfg = Debug|ARM
		{7169373F-0B82-4E5D-9129-7CC3065B90FA}.Debug|ARM.Build.0 = Debug|ARM
		{7169373F-0B82-4E5D-9129-7CC3065B90FA}.Debug|iPhone.ActiveCfg = Debug|Any CPU
		{7169373F-0B82-4E5D-9129-7CC3065B90FA}.Debug|iPhone.Build.0 = Debug|Any CPU
		{7169373F-0B82-4E5D-9129-7CC3065B90FA}.Debug|iPhoneSimulator.ActiveCfg = Debug|Any CPU
		{7169373F-0B82-4E5D-9129-7CC3065B90FA}.Debug|x64.ActiveCfg = Debug|Any CPU
		{7169373F-0B82-4E5D-9129-7CC3065B90FA}.Debug|x86.ActiveCfg = Debug|x86
		{7169373F-0B82-4E5D-9129-7CC3065B90FA}.Debug|x86.Build.0 = Debug|x86
		{7169373F-0B82-4E5D-9129-7CC3065B90FA}.Release|Any CPU.ActiveCfg = Release|Any CPU
		{7169373F-0B82-4E5D-9129-7CC3065B90FA}.Release|Any CPU.Build.0 = Release|Any CPU
		{7169373F-0B82-4E5D-9129-7CC3065B90FA}.Release|ARM.ActiveCfg = Release|ARM
		{7169373F-0B82-4E5D-9129-7CC3065B90FA}.Release|ARM.Build.0 = Release|ARM
		{7169373F-0B82-4E5D-9129-7CC3065B90FA}.Release|iPhone.ActiveCfg = Release|Any CPU
		{7169373F-0B82-4E5D-9129-7CC3065B90FA}.Release|iPhone.Build.0 = Release|Any CPU
		{7169373F-0B82-4E5D-9129-7CC3065B90FA}.Release|iPhoneSimulator.ActiveCfg = Release|Any CPU
		{7169373F-0B82-4E5D-9129-7CC3065B90FA}.Release|iPhoneSimulator.Build.0 = Release|Any CPU
		{7169373F-0B82-4E5D-9129-7CC3065B90FA}.Release|x64.ActiveCfg = Release|Any CPU
		{7169373F-0B82-4E5D-9129-7CC3065B90FA}.Release|x86.ActiveCfg = Release|x86
		{7169373F-0B82-4E5D-9129-7CC3065B90FA}.Release|x86.Build.0 = Release|x86
		{ED9A4CA1-C04C-457D-9A2E-7995CCF12356}.Ad-Hoc|Any CPU.ActiveCfg = Release|Any CPU
		{ED9A4CA1-C04C-457D-9A2E-7995CCF12356}.Ad-Hoc|Any CPU.Build.0 = Release|Any CPU
		{ED9A4CA1-C04C-457D-9A2E-7995CCF12356}.Ad-Hoc|ARM.ActiveCfg = Release|ARM
		{ED9A4CA1-C04C-457D-9A2E-7995CCF12356}.Ad-Hoc|ARM.Build.0 = Release|ARM
		{ED9A4CA1-C04C-457D-9A2E-7995CCF12356}.Ad-Hoc|iPhone.ActiveCfg = Release|Any CPU
		{ED9A4CA1-C04C-457D-9A2E-7995CCF12356}.Ad-Hoc|iPhone.Build.0 = Release|Any CPU
		{ED9A4CA1-C04C-457D-9A2E-7995CCF12356}.Ad-Hoc|iPhoneSimulator.ActiveCfg = Release|Any CPU
		{ED9A4CA1-C04C-457D-9A2E-7995CCF12356}.Ad-Hoc|iPhoneSimulator.Build.0 = Release|Any CPU
		{ED9A4CA1-C04C-457D-9A2E-7995CCF12356}.Ad-Hoc|x64.ActiveCfg = Release|x64
		{ED9A4CA1-C04C-457D-9A2E-7995CCF12356}.Ad-Hoc|x64.Build.0 = Release|x64
		{ED9A4CA1-C04C-457D-9A2E-7995CCF12356}.Ad-Hoc|x86.ActiveCfg = Release|x86
		{ED9A4CA1-C04C-457D-9A2E-7995CCF12356}.Ad-Hoc|x86.Build.0 = Release|x86
		{ED9A4CA1-C04C-457D-9A2E-7995CCF12356}.AppStore|Any CPU.ActiveCfg = Release|Any CPU
		{ED9A4CA1-C04C-457D-9A2E-7995CCF12356}.AppStore|Any CPU.Build.0 = Release|Any CPU
		{ED9A4CA1-C04C-457D-9A2E-7995CCF12356}.AppStore|ARM.ActiveCfg = Release|ARM
		{ED9A4CA1-C04C-457D-9A2E-7995CCF12356}.AppStore|ARM.Build.0 = Release|ARM
		{ED9A4CA1-C04C-457D-9A2E-7995CCF12356}.AppStore|iPhone.ActiveCfg = Release|Any CPU
		{ED9A4CA1-C04C-457D-9A2E-7995CCF12356}.AppStore|iPhone.Build.0 = Release|Any CPU
		{ED9A4CA1-C04C-457D-9A2E-7995CCF12356}.AppStore|iPhoneSimulator.ActiveCfg = Release|Any CPU
		{ED9A4CA1-C04C-457D-9A2E-7995CCF12356}.AppStore|iPhoneSimulator.Build.0 = Release|Any CPU
		{ED9A4CA1-C04C-457D-9A2E-7995CCF12356}.AppStore|x64.ActiveCfg = Release|x64
		{ED9A4CA1-C04C-457D-9A2E-7995CCF12356}.AppStore|x64.Build.0 = Release|x64
		{ED9A4CA1-C04C-457D-9A2E-7995CCF12356}.AppStore|x86.ActiveCfg = Release|x86
		{ED9A4CA1-C04C-457D-9A2E-7995CCF12356}.AppStore|x86.Build.0 = Release|x86
		{ED9A4CA1-C04C-457D-9A2E-7995CCF12356}.Debug|Any CPU.ActiveCfg = Debug|Any CPU
		{ED9A4CA1-C04C-457D-9A2E-7995CCF12356}.Debug|Any CPU.Build.0 = Debug|Any CPU
		{ED9A4CA1-C04C-457D-9A2E-7995CCF12356}.Debug|ARM.ActiveCfg = Debug|ARM
		{ED9A4CA1-C04C-457D-9A2E-7995CCF12356}.Debug|ARM.Build.0 = Debug|ARM
		{ED9A4CA1-C04C-457D-9A2E-7995CCF12356}.Debug|iPhone.ActiveCfg = Debug|Any CPU
		{ED9A4CA1-C04C-457D-9A2E-7995CCF12356}.Debug|iPhone.Build.0 = Debug|Any CPU
		{ED9A4CA1-C04C-457D-9A2E-7995CCF12356}.Debug|iPhoneSimulator.ActiveCfg = Debug|Any CPU
		{ED9A4CA1-C04C-457D-9A2E-7995CCF12356}.Debug|x64.ActiveCfg = Debug|x64
		{ED9A4CA1-C04C-457D-9A2E-7995CCF12356}.Debug|x64.Build.0 = Debug|x64
		{ED9A4CA1-C04C-457D-9A2E-7995CCF12356}.Debug|x86.ActiveCfg = Debug|x86
		{ED9A4CA1-C04C-457D-9A2E-7995CCF12356}.Debug|x86.Build.0 = Debug|x86
		{ED9A4CA1-C04C-457D-9A2E-7995CCF12356}.Release|Any CPU.ActiveCfg = Release|Any CPU
		{ED9A4CA1-C04C-457D-9A2E-7995CCF12356}.Release|Any CPU.Build.0 = Release|Any CPU
		{ED9A4CA1-C04C-457D-9A2E-7995CCF12356}.Release|ARM.ActiveCfg = Release|ARM
		{ED9A4CA1-C04C-457D-9A2E-7995CCF12356}.Release|ARM.Build.0 = Release|ARM
		{ED9A4CA1-C04C-457D-9A2E-7995CCF12356}.Release|iPhone.ActiveCfg = Release|Any CPU
		{ED9A4CA1-C04C-457D-9A2E-7995CCF12356}.Release|iPhone.Build.0 = Release|Any CPU
		{ED9A4CA1-C04C-457D-9A2E-7995CCF12356}.Release|iPhoneSimulator.ActiveCfg = Release|Any CPU
		{ED9A4CA1-C04C-457D-9A2E-7995CCF12356}.Release|iPhoneSimulator.Build.0 = Release|Any CPU
		{ED9A4CA1-C04C-457D-9A2E-7995CCF12356}.Release|x64.ActiveCfg = Release|x64
		{ED9A4CA1-C04C-457D-9A2E-7995CCF12356}.Release|x64.Build.0 = Release|x64
		{ED9A4CA1-C04C-457D-9A2E-7995CCF12356}.Release|x86.ActiveCfg = Release|x86
		{ED9A4CA1-C04C-457D-9A2E-7995CCF12356}.Release|x86.Build.0 = Release|x86
		{A6FCEF44-D2BA-42C7-B3CB-13667BCD7B54}.Ad-Hoc|Any CPU.ActiveCfg = Release|Any CPU
		{A6FCEF44-D2BA-42C7-B3CB-13667BCD7B54}.Ad-Hoc|Any CPU.Build.0 = Release|Any CPU
		{A6FCEF44-D2BA-42C7-B3CB-13667BCD7B54}.Ad-Hoc|ARM.ActiveCfg = Release|Any CPU
		{A6FCEF44-D2BA-42C7-B3CB-13667BCD7B54}.Ad-Hoc|ARM.Build.0 = Release|Any CPU
		{A6FCEF44-D2BA-42C7-B3CB-13667BCD7B54}.Ad-Hoc|iPhone.ActiveCfg = Release|Any CPU
		{A6FCEF44-D2BA-42C7-B3CB-13667BCD7B54}.Ad-Hoc|iPhone.Build.0 = Release|Any CPU
		{A6FCEF44-D2BA-42C7-B3CB-13667BCD7B54}.Ad-Hoc|iPhoneSimulator.ActiveCfg = Release|Any CPU
		{A6FCEF44-D2BA-42C7-B3CB-13667BCD7B54}.Ad-Hoc|iPhoneSimulator.Build.0 = Release|Any CPU
		{A6FCEF44-D2BA-42C7-B3CB-13667BCD7B54}.Ad-Hoc|x64.ActiveCfg = Release|Any CPU
		{A6FCEF44-D2BA-42C7-B3CB-13667BCD7B54}.Ad-Hoc|x64.Build.0 = Release|Any CPU
		{A6FCEF44-D2BA-42C7-B3CB-13667BCD7B54}.Ad-Hoc|x86.ActiveCfg = Release|Any CPU
		{A6FCEF44-D2BA-42C7-B3CB-13667BCD7B54}.Ad-Hoc|x86.Build.0 = Release|Any CPU
		{A6FCEF44-D2BA-42C7-B3CB-13667BCD7B54}.AppStore|Any CPU.ActiveCfg = Release|Any CPU
		{A6FCEF44-D2BA-42C7-B3CB-13667BCD7B54}.AppStore|Any CPU.Build.0 = Release|Any CPU
		{A6FCEF44-D2BA-42C7-B3CB-13667BCD7B54}.AppStore|ARM.ActiveCfg = Release|Any CPU
		{A6FCEF44-D2BA-42C7-B3CB-13667BCD7B54}.AppStore|ARM.Build.0 = Release|Any CPU
		{A6FCEF44-D2BA-42C7-B3CB-13667BCD7B54}.AppStore|iPhone.ActiveCfg = Release|Any CPU
		{A6FCEF44-D2BA-42C7-B3CB-13667BCD7B54}.AppStore|iPhone.Build.0 = Release|Any CPU
		{A6FCEF44-D2BA-42C7-B3CB-13667BCD7B54}.AppStore|iPhoneSimulator.ActiveCfg = Release|Any CPU
		{A6FCEF44-D2BA-42C7-B3CB-13667BCD7B54}.AppStore|iPhoneSimulator.Build.0 = Release|Any CPU
		{A6FCEF44-D2BA-42C7-B3CB-13667BCD7B54}.AppStore|x64.ActiveCfg = Release|Any CPU
		{A6FCEF44-D2BA-42C7-B3CB-13667BCD7B54}.AppStore|x64.Build.0 = Release|Any CPU
		{A6FCEF44-D2BA-42C7-B3CB-13667BCD7B54}.AppStore|x86.ActiveCfg = Release|Any CPU
		{A6FCEF44-D2BA-42C7-B3CB-13667BCD7B54}.AppStore|x86.Build.0 = Release|Any CPU
		{A6FCEF44-D2BA-42C7-B3CB-13667BCD7B54}.Debug|Any CPU.ActiveCfg = Debug|Any CPU
		{A6FCEF44-D2BA-42C7-B3CB-13667BCD7B54}.Debug|Any CPU.Build.0 = Debug|Any CPU
		{A6FCEF44-D2BA-42C7-B3CB-13667BCD7B54}.Debug|ARM.ActiveCfg = Debug|Any CPU
		{A6FCEF44-D2BA-42C7-B3CB-13667BCD7B54}.Debug|iPhone.ActiveCfg = Debug|Any CPU
		{A6FCEF44-D2BA-42C7-B3CB-13667BCD7B54}.Debug|iPhone.Build.0 = Debug|Any CPU
		{A6FCEF44-D2BA-42C7-B3CB-13667BCD7B54}.Debug|iPhoneSimulator.ActiveCfg = Debug|Any CPU
		{A6FCEF44-D2BA-42C7-B3CB-13667BCD7B54}.Debug|iPhoneSimulator.Build.0 = Debug|Any CPU
		{A6FCEF44-D2BA-42C7-B3CB-13667BCD7B54}.Debug|x64.ActiveCfg = Debug|Any CPU
		{A6FCEF44-D2BA-42C7-B3CB-13667BCD7B54}.Debug|x86.ActiveCfg = Debug|Any CPU
		{A6FCEF44-D2BA-42C7-B3CB-13667BCD7B54}.Release|Any CPU.ActiveCfg = Release|Any CPU
		{A6FCEF44-D2BA-42C7-B3CB-13667BCD7B54}.Release|Any CPU.Build.0 = Release|Any CPU
		{A6FCEF44-D2BA-42C7-B3CB-13667BCD7B54}.Release|ARM.ActiveCfg = Release|Any CPU
		{A6FCEF44-D2BA-42C7-B3CB-13667BCD7B54}.Release|iPhone.ActiveCfg = Release|Any CPU
		{A6FCEF44-D2BA-42C7-B3CB-13667BCD7B54}.Release|iPhone.Build.0 = Release|Any CPU
		{A6FCEF44-D2BA-42C7-B3CB-13667BCD7B54}.Release|iPhoneSimulator.ActiveCfg = Release|Any CPU
		{A6FCEF44-D2BA-42C7-B3CB-13667BCD7B54}.Release|iPhoneSimulator.Build.0 = Release|Any CPU
		{A6FCEF44-D2BA-42C7-B3CB-13667BCD7B54}.Release|x64.ActiveCfg = Release|Any CPU
		{A6FCEF44-D2BA-42C7-B3CB-13667BCD7B54}.Release|x86.ActiveCfg = Release|Any CPU
		{C7245ABF-C0C0-4CCA-A6E3-393CFAFE0BFC}.Ad-Hoc|Any CPU.ActiveCfg = Release|Any CPU
		{C7245ABF-C0C0-4CCA-A6E3-393CFAFE0BFC}.Ad-Hoc|Any CPU.Build.0 = Release|Any CPU
		{C7245ABF-C0C0-4CCA-A6E3-393CFAFE0BFC}.Ad-Hoc|Any CPU.Deploy.0 = Release|Any CPU
		{C7245ABF-C0C0-4CCA-A6E3-393CFAFE0BFC}.Ad-Hoc|ARM.ActiveCfg = Release|ARM
		{C7245ABF-C0C0-4CCA-A6E3-393CFAFE0BFC}.Ad-Hoc|ARM.Build.0 = Release|ARM
		{C7245ABF-C0C0-4CCA-A6E3-393CFAFE0BFC}.Ad-Hoc|ARM.Deploy.0 = Release|ARM
		{C7245ABF-C0C0-4CCA-A6E3-393CFAFE0BFC}.Ad-Hoc|iPhone.ActiveCfg = Release|Any CPU
		{C7245ABF-C0C0-4CCA-A6E3-393CFAFE0BFC}.Ad-Hoc|iPhone.Build.0 = Release|Any CPU
		{C7245ABF-C0C0-4CCA-A6E3-393CFAFE0BFC}.Ad-Hoc|iPhone.Deploy.0 = Release|Any CPU
		{C7245ABF-C0C0-4CCA-A6E3-393CFAFE0BFC}.Ad-Hoc|iPhoneSimulator.ActiveCfg = Release|Any CPU
		{C7245ABF-C0C0-4CCA-A6E3-393CFAFE0BFC}.Ad-Hoc|iPhoneSimulator.Build.0 = Release|Any CPU
		{C7245ABF-C0C0-4CCA-A6E3-393CFAFE0BFC}.Ad-Hoc|iPhoneSimulator.Deploy.0 = Release|Any CPU
		{C7245ABF-C0C0-4CCA-A6E3-393CFAFE0BFC}.Ad-Hoc|x64.ActiveCfg = Release|x64
		{C7245ABF-C0C0-4CCA-A6E3-393CFAFE0BFC}.Ad-Hoc|x64.Build.0 = Release|x64
		{C7245ABF-C0C0-4CCA-A6E3-393CFAFE0BFC}.Ad-Hoc|x64.Deploy.0 = Release|x64
		{C7245ABF-C0C0-4CCA-A6E3-393CFAFE0BFC}.Ad-Hoc|x86.ActiveCfg = Release|x86
		{C7245ABF-C0C0-4CCA-A6E3-393CFAFE0BFC}.Ad-Hoc|x86.Build.0 = Release|x86
		{C7245ABF-C0C0-4CCA-A6E3-393CFAFE0BFC}.Ad-Hoc|x86.Deploy.0 = Release|x86
		{C7245ABF-C0C0-4CCA-A6E3-393CFAFE0BFC}.AppStore|Any CPU.ActiveCfg = Release|Any CPU
		{C7245ABF-C0C0-4CCA-A6E3-393CFAFE0BFC}.AppStore|Any CPU.Build.0 = Release|Any CPU
		{C7245ABF-C0C0-4CCA-A6E3-393CFAFE0BFC}.AppStore|Any CPU.Deploy.0 = Release|Any CPU
		{C7245ABF-C0C0-4CCA-A6E3-393CFAFE0BFC}.AppStore|ARM.ActiveCfg = Release|ARM
		{C7245ABF-C0C0-4CCA-A6E3-393CFAFE0BFC}.AppStore|ARM.Build.0 = Release|ARM
		{C7245ABF-C0C0-4CCA-A6E3-393CFAFE0BFC}.AppStore|ARM.Deploy.0 = Release|ARM
		{C7245ABF-C0C0-4CCA-A6E3-393CFAFE0BFC}.AppStore|iPhone.ActiveCfg = Release|Any CPU
		{C7245ABF-C0C0-4CCA-A6E3-393CFAFE0BFC}.AppStore|iPhone.Build.0 = Release|Any CPU
		{C7245ABF-C0C0-4CCA-A6E3-393CFAFE0BFC}.AppStore|iPhone.Deploy.0 = Release|Any CPU
		{C7245ABF-C0C0-4CCA-A6E3-393CFAFE0BFC}.AppStore|iPhoneSimulator.ActiveCfg = Release|Any CPU
		{C7245ABF-C0C0-4CCA-A6E3-393CFAFE0BFC}.AppStore|iPhoneSimulator.Build.0 = Release|Any CPU
		{C7245ABF-C0C0-4CCA-A6E3-393CFAFE0BFC}.AppStore|iPhoneSimulator.Deploy.0 = Release|Any CPU
		{C7245ABF-C0C0-4CCA-A6E3-393CFAFE0BFC}.AppStore|x64.ActiveCfg = Release|x64
		{C7245ABF-C0C0-4CCA-A6E3-393CFAFE0BFC}.AppStore|x64.Build.0 = Release|x64
		{C7245ABF-C0C0-4CCA-A6E3-393CFAFE0BFC}.AppStore|x64.Deploy.0 = Release|x64
		{C7245ABF-C0C0-4CCA-A6E3-393CFAFE0BFC}.AppStore|x86.ActiveCfg = Release|x86
		{C7245ABF-C0C0-4CCA-A6E3-393CFAFE0BFC}.AppStore|x86.Build.0 = Release|x86
		{C7245ABF-C0C0-4CCA-A6E3-393CFAFE0BFC}.AppStore|x86.Deploy.0 = Release|x86
		{C7245ABF-C0C0-4CCA-A6E3-393CFAFE0BFC}.Debug|Any CPU.ActiveCfg = Debug|Any CPU
		{C7245ABF-C0C0-4CCA-A6E3-393CFAFE0BFC}.Debug|Any CPU.Build.0 = Debug|Any CPU
		{C7245ABF-C0C0-4CCA-A6E3-393CFAFE0BFC}.Debug|Any CPU.Deploy.0 = Debug|Any CPU
		{C7245ABF-C0C0-4CCA-A6E3-393CFAFE0BFC}.Debug|ARM.ActiveCfg = Debug|ARM
		{C7245ABF-C0C0-4CCA-A6E3-393CFAFE0BFC}.Debug|ARM.Build.0 = Debug|ARM
		{C7245ABF-C0C0-4CCA-A6E3-393CFAFE0BFC}.Debug|ARM.Deploy.0 = Debug|ARM
		{C7245ABF-C0C0-4CCA-A6E3-393CFAFE0BFC}.Debug|iPhone.ActiveCfg = Debug|Any CPU
		{C7245ABF-C0C0-4CCA-A6E3-393CFAFE0BFC}.Debug|iPhone.Build.0 = Debug|Any CPU
		{C7245ABF-C0C0-4CCA-A6E3-393CFAFE0BFC}.Debug|iPhone.Deploy.0 = Debug|Any CPU
		{C7245ABF-C0C0-4CCA-A6E3-393CFAFE0BFC}.Debug|iPhoneSimulator.ActiveCfg = Debug|Any CPU
		{C7245ABF-C0C0-4CCA-A6E3-393CFAFE0BFC}.Debug|x64.ActiveCfg = Debug|x64
		{C7245ABF-C0C0-4CCA-A6E3-393CFAFE0BFC}.Debug|x64.Build.0 = Debug|x64
		{C7245ABF-C0C0-4CCA-A6E3-393CFAFE0BFC}.Debug|x64.Deploy.0 = Debug|x64
		{C7245ABF-C0C0-4CCA-A6E3-393CFAFE0BFC}.Debug|x86.ActiveCfg = Debug|x86
		{C7245ABF-C0C0-4CCA-A6E3-393CFAFE0BFC}.Debug|x86.Build.0 = Debug|x86
		{C7245ABF-C0C0-4CCA-A6E3-393CFAFE0BFC}.Debug|x86.Deploy.0 = Debug|x86
		{C7245ABF-C0C0-4CCA-A6E3-393CFAFE0BFC}.Release|Any CPU.ActiveCfg = Release|Any CPU
		{C7245ABF-C0C0-4CCA-A6E3-393CFAFE0BFC}.Release|Any CPU.Build.0 = Release|Any CPU
		{C7245ABF-C0C0-4CCA-A6E3-393CFAFE0BFC}.Release|Any CPU.Deploy.0 = Release|Any CPU
		{C7245ABF-C0C0-4CCA-A6E3-393CFAFE0BFC}.Release|ARM.ActiveCfg = Release|ARM
		{C7245ABF-C0C0-4CCA-A6E3-393CFAFE0BFC}.Release|ARM.Build.0 = Release|ARM
		{C7245ABF-C0C0-4CCA-A6E3-393CFAFE0BFC}.Release|ARM.Deploy.0 = Release|ARM
		{C7245ABF-C0C0-4CCA-A6E3-393CFAFE0BFC}.Release|iPhone.ActiveCfg = Release|Any CPU
		{C7245ABF-C0C0-4CCA-A6E3-393CFAFE0BFC}.Release|iPhone.Build.0 = Release|Any CPU
		{C7245ABF-C0C0-4CCA-A6E3-393CFAFE0BFC}.Release|iPhone.Deploy.0 = Release|Any CPU
		{C7245ABF-C0C0-4CCA-A6E3-393CFAFE0BFC}.Release|iPhoneSimulator.ActiveCfg = Release|Any CPU
		{C7245ABF-C0C0-4CCA-A6E3-393CFAFE0BFC}.Release|iPhoneSimulator.Build.0 = Release|Any CPU
		{C7245ABF-C0C0-4CCA-A6E3-393CFAFE0BFC}.Release|iPhoneSimulator.Deploy.0 = Release|Any CPU
		{C7245ABF-C0C0-4CCA-A6E3-393CFAFE0BFC}.Release|x64.ActiveCfg = Release|x64
		{C7245ABF-C0C0-4CCA-A6E3-393CFAFE0BFC}.Release|x64.Build.0 = Release|x64
		{C7245ABF-C0C0-4CCA-A6E3-393CFAFE0BFC}.Release|x64.Deploy.0 = Release|x64
		{C7245ABF-C0C0-4CCA-A6E3-393CFAFE0BFC}.Release|x86.ActiveCfg = Release|x86
		{C7245ABF-C0C0-4CCA-A6E3-393CFAFE0BFC}.Release|x86.Build.0 = Release|x86
		{C7245ABF-C0C0-4CCA-A6E3-393CFAFE0BFC}.Release|x86.Deploy.0 = Release|x86
		{06A8946E-A1B1-4D08-855F-798F50C0D8E7}.Ad-Hoc|Any CPU.ActiveCfg = Release|Any CPU
		{06A8946E-A1B1-4D08-855F-798F50C0D8E7}.Ad-Hoc|Any CPU.Build.0 = Release|Any CPU
		{06A8946E-A1B1-4D08-855F-798F50C0D8E7}.Ad-Hoc|Any CPU.Deploy.0 = Release|Any CPU
		{06A8946E-A1B1-4D08-855F-798F50C0D8E7}.Ad-Hoc|ARM.ActiveCfg = Release|ARM
		{06A8946E-A1B1-4D08-855F-798F50C0D8E7}.Ad-Hoc|ARM.Build.0 = Release|ARM
		{06A8946E-A1B1-4D08-855F-798F50C0D8E7}.Ad-Hoc|ARM.Deploy.0 = Release|ARM
		{06A8946E-A1B1-4D08-855F-798F50C0D8E7}.Ad-Hoc|iPhone.ActiveCfg = Release|Any CPU
		{06A8946E-A1B1-4D08-855F-798F50C0D8E7}.Ad-Hoc|iPhone.Build.0 = Release|Any CPU
		{06A8946E-A1B1-4D08-855F-798F50C0D8E7}.Ad-Hoc|iPhone.Deploy.0 = Release|Any CPU
		{06A8946E-A1B1-4D08-855F-798F50C0D8E7}.Ad-Hoc|iPhoneSimulator.ActiveCfg = Release|Any CPU
		{06A8946E-A1B1-4D08-855F-798F50C0D8E7}.Ad-Hoc|iPhoneSimulator.Build.0 = Release|Any CPU
		{06A8946E-A1B1-4D08-855F-798F50C0D8E7}.Ad-Hoc|iPhoneSimulator.Deploy.0 = Release|Any CPU
		{06A8946E-A1B1-4D08-855F-798F50C0D8E7}.Ad-Hoc|x64.ActiveCfg = Release|Any CPU
		{06A8946E-A1B1-4D08-855F-798F50C0D8E7}.Ad-Hoc|x64.Build.0 = Release|Any CPU
		{06A8946E-A1B1-4D08-855F-798F50C0D8E7}.Ad-Hoc|x64.Deploy.0 = Release|Any CPU
		{06A8946E-A1B1-4D08-855F-798F50C0D8E7}.Ad-Hoc|x86.ActiveCfg = Release|x86
		{06A8946E-A1B1-4D08-855F-798F50C0D8E7}.Ad-Hoc|x86.Build.0 = Release|x86
		{06A8946E-A1B1-4D08-855F-798F50C0D8E7}.Ad-Hoc|x86.Deploy.0 = Release|x86
		{06A8946E-A1B1-4D08-855F-798F50C0D8E7}.AppStore|Any CPU.ActiveCfg = Release|Any CPU
		{06A8946E-A1B1-4D08-855F-798F50C0D8E7}.AppStore|Any CPU.Build.0 = Release|Any CPU
		{06A8946E-A1B1-4D08-855F-798F50C0D8E7}.AppStore|Any CPU.Deploy.0 = Release|Any CPU
		{06A8946E-A1B1-4D08-855F-798F50C0D8E7}.AppStore|ARM.ActiveCfg = Release|ARM
		{06A8946E-A1B1-4D08-855F-798F50C0D8E7}.AppStore|ARM.Build.0 = Release|ARM
		{06A8946E-A1B1-4D08-855F-798F50C0D8E7}.AppStore|ARM.Deploy.0 = Release|ARM
		{06A8946E-A1B1-4D08-855F-798F50C0D8E7}.AppStore|iPhone.ActiveCfg = Release|Any CPU
		{06A8946E-A1B1-4D08-855F-798F50C0D8E7}.AppStore|iPhone.Build.0 = Release|Any CPU
		{06A8946E-A1B1-4D08-855F-798F50C0D8E7}.AppStore|iPhone.Deploy.0 = Release|Any CPU
		{06A8946E-A1B1-4D08-855F-798F50C0D8E7}.AppStore|iPhoneSimulator.ActiveCfg = Release|Any CPU
		{06A8946E-A1B1-4D08-855F-798F50C0D8E7}.AppStore|iPhoneSimulator.Build.0 = Release|Any CPU
		{06A8946E-A1B1-4D08-855F-798F50C0D8E7}.AppStore|iPhoneSimulator.Deploy.0 = Release|Any CPU
		{06A8946E-A1B1-4D08-855F-798F50C0D8E7}.AppStore|x64.ActiveCfg = Release|Any CPU
		{06A8946E-A1B1-4D08-855F-798F50C0D8E7}.AppStore|x64.Build.0 = Release|Any CPU
		{06A8946E-A1B1-4D08-855F-798F50C0D8E7}.AppStore|x64.Deploy.0 = Release|Any CPU
		{06A8946E-A1B1-4D08-855F-798F50C0D8E7}.AppStore|x86.ActiveCfg = Release|x86
		{06A8946E-A1B1-4D08-855F-798F50C0D8E7}.AppStore|x86.Build.0 = Release|x86
		{06A8946E-A1B1-4D08-855F-798F50C0D8E7}.AppStore|x86.Deploy.0 = Release|x86
		{06A8946E-A1B1-4D08-855F-798F50C0D8E7}.Debug|Any CPU.ActiveCfg = Debug|Any CPU
		{06A8946E-A1B1-4D08-855F-798F50C0D8E7}.Debug|Any CPU.Build.0 = Debug|Any CPU
		{06A8946E-A1B1-4D08-855F-798F50C0D8E7}.Debug|Any CPU.Deploy.0 = Debug|Any CPU
		{06A8946E-A1B1-4D08-855F-798F50C0D8E7}.Debug|ARM.ActiveCfg = Debug|ARM
		{06A8946E-A1B1-4D08-855F-798F50C0D8E7}.Debug|ARM.Build.0 = Debug|ARM
		{06A8946E-A1B1-4D08-855F-798F50C0D8E7}.Debug|ARM.Deploy.0 = Debug|ARM
		{06A8946E-A1B1-4D08-855F-798F50C0D8E7}.Debug|iPhone.ActiveCfg = Debug|Any CPU
		{06A8946E-A1B1-4D08-855F-798F50C0D8E7}.Debug|iPhone.Build.0 = Debug|Any CPU
		{06A8946E-A1B1-4D08-855F-798F50C0D8E7}.Debug|iPhone.Deploy.0 = Debug|Any CPU
		{06A8946E-A1B1-4D08-855F-798F50C0D8E7}.Debug|iPhoneSimulator.ActiveCfg = Debug|Any CPU
		{06A8946E-A1B1-4D08-855F-798F50C0D8E7}.Debug|x64.ActiveCfg = Debug|Any CPU
		{06A8946E-A1B1-4D08-855F-798F50C0D8E7}.Debug|x64.Build.0 = Debug|Any CPU
		{06A8946E-A1B1-4D08-855F-798F50C0D8E7}.Debug|x64.Deploy.0 = Debug|Any CPU
		{06A8946E-A1B1-4D08-855F-798F50C0D8E7}.Debug|x86.ActiveCfg = Debug|x86
		{06A8946E-A1B1-4D08-855F-798F50C0D8E7}.Debug|x86.Build.0 = Debug|x86
		{06A8946E-A1B1-4D08-855F-798F50C0D8E7}.Debug|x86.Deploy.0 = Debug|x86
		{06A8946E-A1B1-4D08-855F-798F50C0D8E7}.Release|Any CPU.ActiveCfg = Release|Any CPU
		{06A8946E-A1B1-4D08-855F-798F50C0D8E7}.Release|Any CPU.Build.0 = Release|Any CPU
		{06A8946E-A1B1-4D08-855F-798F50C0D8E7}.Release|Any CPU.Deploy.0 = Release|Any CPU
		{06A8946E-A1B1-4D08-855F-798F50C0D8E7}.Release|ARM.ActiveCfg = Release|ARM
		{06A8946E-A1B1-4D08-855F-798F50C0D8E7}.Release|ARM.Build.0 = Release|ARM
		{06A8946E-A1B1-4D08-855F-798F50C0D8E7}.Release|ARM.Deploy.0 = Release|ARM
		{06A8946E-A1B1-4D08-855F-798F50C0D8E7}.Release|iPhone.ActiveCfg = Release|Any CPU
		{06A8946E-A1B1-4D08-855F-798F50C0D8E7}.Release|iPhone.Build.0 = Release|Any CPU
		{06A8946E-A1B1-4D08-855F-798F50C0D8E7}.Release|iPhone.Deploy.0 = Release|Any CPU
		{06A8946E-A1B1-4D08-855F-798F50C0D8E7}.Release|iPhoneSimulator.ActiveCfg = Release|Any CPU
		{06A8946E-A1B1-4D08-855F-798F50C0D8E7}.Release|iPhoneSimulator.Build.0 = Release|Any CPU
		{06A8946E-A1B1-4D08-855F-798F50C0D8E7}.Release|iPhoneSimulator.Deploy.0 = Release|Any CPU
		{06A8946E-A1B1-4D08-855F-798F50C0D8E7}.Release|x64.ActiveCfg = Release|Any CPU
		{06A8946E-A1B1-4D08-855F-798F50C0D8E7}.Release|x64.Build.0 = Release|Any CPU
		{06A8946E-A1B1-4D08-855F-798F50C0D8E7}.Release|x64.Deploy.0 = Release|Any CPU
		{06A8946E-A1B1-4D08-855F-798F50C0D8E7}.Release|x86.ActiveCfg = Release|x86
		{06A8946E-A1B1-4D08-855F-798F50C0D8E7}.Release|x86.Build.0 = Release|x86
		{06A8946E-A1B1-4D08-855F-798F50C0D8E7}.Release|x86.Deploy.0 = Release|x86
		{71033A11-8395-47A6-BD8F-6F0224158332}.Ad-Hoc|Any CPU.ActiveCfg = Release|Any CPU
		{71033A11-8395-47A6-BD8F-6F0224158332}.Ad-Hoc|Any CPU.Build.0 = Release|Any CPU
		{71033A11-8395-47A6-BD8F-6F0224158332}.Ad-Hoc|Any CPU.Deploy.0 = Release|Any CPU
		{71033A11-8395-47A6-BD8F-6F0224158332}.Ad-Hoc|ARM.ActiveCfg = Release|ARM
		{71033A11-8395-47A6-BD8F-6F0224158332}.Ad-Hoc|ARM.Build.0 = Release|ARM
		{71033A11-8395-47A6-BD8F-6F0224158332}.Ad-Hoc|ARM.Deploy.0 = Release|ARM
		{71033A11-8395-47A6-BD8F-6F0224158332}.Ad-Hoc|iPhone.ActiveCfg = Release|Any CPU
		{71033A11-8395-47A6-BD8F-6F0224158332}.Ad-Hoc|iPhone.Build.0 = Release|Any CPU
		{71033A11-8395-47A6-BD8F-6F0224158332}.Ad-Hoc|iPhone.Deploy.0 = Release|Any CPU
		{71033A11-8395-47A6-BD8F-6F0224158332}.Ad-Hoc|iPhoneSimulator.ActiveCfg = Release|Any CPU
		{71033A11-8395-47A6-BD8F-6F0224158332}.Ad-Hoc|iPhoneSimulator.Build.0 = Release|Any CPU
		{71033A11-8395-47A6-BD8F-6F0224158332}.Ad-Hoc|iPhoneSimulator.Deploy.0 = Release|Any CPU
		{71033A11-8395-47A6-BD8F-6F0224158332}.Ad-Hoc|x64.ActiveCfg = Release|Any CPU
		{71033A11-8395-47A6-BD8F-6F0224158332}.Ad-Hoc|x64.Build.0 = Release|Any CPU
		{71033A11-8395-47A6-BD8F-6F0224158332}.Ad-Hoc|x64.Deploy.0 = Release|Any CPU
		{71033A11-8395-47A6-BD8F-6F0224158332}.Ad-Hoc|x86.ActiveCfg = Release|x86
		{71033A11-8395-47A6-BD8F-6F0224158332}.Ad-Hoc|x86.Build.0 = Release|x86
		{71033A11-8395-47A6-BD8F-6F0224158332}.Ad-Hoc|x86.Deploy.0 = Release|x86
		{71033A11-8395-47A6-BD8F-6F0224158332}.AppStore|Any CPU.ActiveCfg = Release|Any CPU
		{71033A11-8395-47A6-BD8F-6F0224158332}.AppStore|Any CPU.Build.0 = Release|Any CPU
		{71033A11-8395-47A6-BD8F-6F0224158332}.AppStore|Any CPU.Deploy.0 = Release|Any CPU
		{71033A11-8395-47A6-BD8F-6F0224158332}.AppStore|ARM.ActiveCfg = Release|ARM
		{71033A11-8395-47A6-BD8F-6F0224158332}.AppStore|ARM.Build.0 = Release|ARM
		{71033A11-8395-47A6-BD8F-6F0224158332}.AppStore|ARM.Deploy.0 = Release|ARM
		{71033A11-8395-47A6-BD8F-6F0224158332}.AppStore|iPhone.ActiveCfg = Release|Any CPU
		{71033A11-8395-47A6-BD8F-6F0224158332}.AppStore|iPhone.Build.0 = Release|Any CPU
		{71033A11-8395-47A6-BD8F-6F0224158332}.AppStore|iPhone.Deploy.0 = Release|Any CPU
		{71033A11-8395-47A6-BD8F-6F0224158332}.AppStore|iPhoneSimulator.ActiveCfg = Release|Any CPU
		{71033A11-8395-47A6-BD8F-6F0224158332}.AppStore|iPhoneSimulator.Build.0 = Release|Any CPU
		{71033A11-8395-47A6-BD8F-6F0224158332}.AppStore|iPhoneSimulator.Deploy.0 = Release|Any CPU
		{71033A11-8395-47A6-BD8F-6F0224158332}.AppStore|x64.ActiveCfg = Release|Any CPU
		{71033A11-8395-47A6-BD8F-6F0224158332}.AppStore|x64.Build.0 = Release|Any CPU
		{71033A11-8395-47A6-BD8F-6F0224158332}.AppStore|x64.Deploy.0 = Release|Any CPU
		{71033A11-8395-47A6-BD8F-6F0224158332}.AppStore|x86.ActiveCfg = Release|x86
		{71033A11-8395-47A6-BD8F-6F0224158332}.AppStore|x86.Build.0 = Release|x86
		{71033A11-8395-47A6-BD8F-6F0224158332}.AppStore|x86.Deploy.0 = Release|x86
		{71033A11-8395-47A6-BD8F-6F0224158332}.Debug|Any CPU.ActiveCfg = Debug|Any CPU
		{71033A11-8395-47A6-BD8F-6F0224158332}.Debug|Any CPU.Build.0 = Debug|Any CPU
		{71033A11-8395-47A6-BD8F-6F0224158332}.Debug|Any CPU.Deploy.0 = Debug|Any CPU
		{71033A11-8395-47A6-BD8F-6F0224158332}.Debug|ARM.ActiveCfg = Debug|ARM
		{71033A11-8395-47A6-BD8F-6F0224158332}.Debug|ARM.Build.0 = Debug|ARM
		{71033A11-8395-47A6-BD8F-6F0224158332}.Debug|ARM.Deploy.0 = Debug|ARM
		{71033A11-8395-47A6-BD8F-6F0224158332}.Debug|iPhone.ActiveCfg = Debug|Any CPU
		{71033A11-8395-47A6-BD8F-6F0224158332}.Debug|iPhone.Build.0 = Debug|Any CPU
		{71033A11-8395-47A6-BD8F-6F0224158332}.Debug|iPhone.Deploy.0 = Debug|Any CPU
		{71033A11-8395-47A6-BD8F-6F0224158332}.Debug|iPhoneSimulator.ActiveCfg = Debug|Any CPU
		{71033A11-8395-47A6-BD8F-6F0224158332}.Debug|x64.ActiveCfg = Debug|Any CPU
		{71033A11-8395-47A6-BD8F-6F0224158332}.Debug|x64.Build.0 = Debug|Any CPU
		{71033A11-8395-47A6-BD8F-6F0224158332}.Debug|x64.Deploy.0 = Debug|Any CPU
		{71033A11-8395-47A6-BD8F-6F0224158332}.Debug|x86.ActiveCfg = Debug|x86
		{71033A11-8395-47A6-BD8F-6F0224158332}.Debug|x86.Build.0 = Debug|x86
		{71033A11-8395-47A6-BD8F-6F0224158332}.Debug|x86.Deploy.0 = Debug|x86
		{71033A11-8395-47A6-BD8F-6F0224158332}.Release|Any CPU.ActiveCfg = Release|Any CPU
		{71033A11-8395-47A6-BD8F-6F0224158332}.Release|Any CPU.Build.0 = Release|Any CPU
		{71033A11-8395-47A6-BD8F-6F0224158332}.Release|Any CPU.Deploy.0 = Release|Any CPU
		{71033A11-8395-47A6-BD8F-6F0224158332}.Release|ARM.ActiveCfg = Release|ARM
		{71033A11-8395-47A6-BD8F-6F0224158332}.Release|ARM.Build.0 = Release|ARM
		{71033A11-8395-47A6-BD8F-6F0224158332}.Release|ARM.Deploy.0 = Release|ARM
		{71033A11-8395-47A6-BD8F-6F0224158332}.Release|iPhone.ActiveCfg = Release|Any CPU
		{71033A11-8395-47A6-BD8F-6F0224158332}.Release|iPhone.Build.0 = Release|Any CPU
		{71033A11-8395-47A6-BD8F-6F0224158332}.Release|iPhone.Deploy.0 = Release|Any CPU
		{71033A11-8395-47A6-BD8F-6F0224158332}.Release|iPhoneSimulator.ActiveCfg = Release|Any CPU
		{71033A11-8395-47A6-BD8F-6F0224158332}.Release|iPhoneSimulator.Build.0 = Release|Any CPU
		{71033A11-8395-47A6-BD8F-6F0224158332}.Release|iPhoneSimulator.Deploy.0 = Release|Any CPU
		{71033A11-8395-47A6-BD8F-6F0224158332}.Release|x64.ActiveCfg = Release|Any CPU
		{71033A11-8395-47A6-BD8F-6F0224158332}.Release|x64.Build.0 = Release|Any CPU
		{71033A11-8395-47A6-BD8F-6F0224158332}.Release|x64.Deploy.0 = Release|Any CPU
		{71033A11-8395-47A6-BD8F-6F0224158332}.Release|x86.ActiveCfg = Release|x86
		{71033A11-8395-47A6-BD8F-6F0224158332}.Release|x86.Build.0 = Release|x86
		{71033A11-8395-47A6-BD8F-6F0224158332}.Release|x86.Deploy.0 = Release|x86
		{140FCBE4-065D-497B-93A9-9B55A5EE1E6C}.Ad-Hoc|Any CPU.ActiveCfg = Release|Any CPU
		{140FCBE4-065D-497B-93A9-9B55A5EE1E6C}.Ad-Hoc|Any CPU.Build.0 = Release|Any CPU
		{140FCBE4-065D-497B-93A9-9B55A5EE1E6C}.Ad-Hoc|Any CPU.Deploy.0 = Release|Any CPU
		{140FCBE4-065D-497B-93A9-9B55A5EE1E6C}.Ad-Hoc|ARM.ActiveCfg = Release|Any CPU
		{140FCBE4-065D-497B-93A9-9B55A5EE1E6C}.Ad-Hoc|ARM.Build.0 = Release|Any CPU
		{140FCBE4-065D-497B-93A9-9B55A5EE1E6C}.Ad-Hoc|ARM.Deploy.0 = Release|Any CPU
		{140FCBE4-065D-497B-93A9-9B55A5EE1E6C}.Ad-Hoc|iPhone.ActiveCfg = Release|Any CPU
		{140FCBE4-065D-497B-93A9-9B55A5EE1E6C}.Ad-Hoc|iPhone.Build.0 = Release|Any CPU
		{140FCBE4-065D-497B-93A9-9B55A5EE1E6C}.Ad-Hoc|iPhone.Deploy.0 = Release|Any CPU
		{140FCBE4-065D-497B-93A9-9B55A5EE1E6C}.Ad-Hoc|iPhoneSimulator.ActiveCfg = Release|Any CPU
		{140FCBE4-065D-497B-93A9-9B55A5EE1E6C}.Ad-Hoc|iPhoneSimulator.Build.0 = Release|Any CPU
		{140FCBE4-065D-497B-93A9-9B55A5EE1E6C}.Ad-Hoc|iPhoneSimulator.Deploy.0 = Release|Any CPU
		{140FCBE4-065D-497B-93A9-9B55A5EE1E6C}.Ad-Hoc|x64.ActiveCfg = Release|Any CPU
		{140FCBE4-065D-497B-93A9-9B55A5EE1E6C}.Ad-Hoc|x64.Build.0 = Release|Any CPU
		{140FCBE4-065D-497B-93A9-9B55A5EE1E6C}.Ad-Hoc|x64.Deploy.0 = Release|Any CPU
		{140FCBE4-065D-497B-93A9-9B55A5EE1E6C}.Ad-Hoc|x86.ActiveCfg = Release|Any CPU
		{140FCBE4-065D-497B-93A9-9B55A5EE1E6C}.Ad-Hoc|x86.Build.0 = Release|Any CPU
		{140FCBE4-065D-497B-93A9-9B55A5EE1E6C}.Ad-Hoc|x86.Deploy.0 = Release|Any CPU
		{140FCBE4-065D-497B-93A9-9B55A5EE1E6C}.AppStore|Any CPU.ActiveCfg = Release|Any CPU
		{140FCBE4-065D-497B-93A9-9B55A5EE1E6C}.AppStore|Any CPU.Build.0 = Release|Any CPU
		{140FCBE4-065D-497B-93A9-9B55A5EE1E6C}.AppStore|Any CPU.Deploy.0 = Release|Any CPU
		{140FCBE4-065D-497B-93A9-9B55A5EE1E6C}.AppStore|ARM.ActiveCfg = Release|Any CPU
		{140FCBE4-065D-497B-93A9-9B55A5EE1E6C}.AppStore|ARM.Build.0 = Release|Any CPU
		{140FCBE4-065D-497B-93A9-9B55A5EE1E6C}.AppStore|ARM.Deploy.0 = Release|Any CPU
		{140FCBE4-065D-497B-93A9-9B55A5EE1E6C}.AppStore|iPhone.ActiveCfg = Release|Any CPU
		{140FCBE4-065D-497B-93A9-9B55A5EE1E6C}.AppStore|iPhone.Build.0 = Release|Any CPU
		{140FCBE4-065D-497B-93A9-9B55A5EE1E6C}.AppStore|iPhone.Deploy.0 = Release|Any CPU
		{140FCBE4-065D-497B-93A9-9B55A5EE1E6C}.AppStore|iPhoneSimulator.ActiveCfg = Release|Any CPU
		{140FCBE4-065D-497B-93A9-9B55A5EE1E6C}.AppStore|iPhoneSimulator.Build.0 = Release|Any CPU
		{140FCBE4-065D-497B-93A9-9B55A5EE1E6C}.AppStore|iPhoneSimulator.Deploy.0 = Release|Any CPU
		{140FCBE4-065D-497B-93A9-9B55A5EE1E6C}.AppStore|x64.ActiveCfg = Release|Any CPU
		{140FCBE4-065D-497B-93A9-9B55A5EE1E6C}.AppStore|x64.Build.0 = Release|Any CPU
		{140FCBE4-065D-497B-93A9-9B55A5EE1E6C}.AppStore|x64.Deploy.0 = Release|Any CPU
		{140FCBE4-065D-497B-93A9-9B55A5EE1E6C}.AppStore|x86.ActiveCfg = Release|Any CPU
		{140FCBE4-065D-497B-93A9-9B55A5EE1E6C}.AppStore|x86.Build.0 = Release|Any CPU
		{140FCBE4-065D-497B-93A9-9B55A5EE1E6C}.AppStore|x86.Deploy.0 = Release|Any CPU
		{140FCBE4-065D-497B-93A9-9B55A5EE1E6C}.Debug|Any CPU.ActiveCfg = Debug|Any CPU
		{140FCBE4-065D-497B-93A9-9B55A5EE1E6C}.Debug|Any CPU.Build.0 = Debug|Any CPU
		{140FCBE4-065D-497B-93A9-9B55A5EE1E6C}.Debug|Any CPU.Deploy.0 = Debug|Any CPU
		{140FCBE4-065D-497B-93A9-9B55A5EE1E6C}.Debug|ARM.ActiveCfg = Debug|Any CPU
		{140FCBE4-065D-497B-93A9-9B55A5EE1E6C}.Debug|ARM.Build.0 = Debug|Any CPU
		{140FCBE4-065D-497B-93A9-9B55A5EE1E6C}.Debug|ARM.Deploy.0 = Debug|Any CPU
		{140FCBE4-065D-497B-93A9-9B55A5EE1E6C}.Debug|iPhone.ActiveCfg = Debug|Any CPU
		{140FCBE4-065D-497B-93A9-9B55A5EE1E6C}.Debug|iPhone.Build.0 = Debug|Any CPU
		{140FCBE4-065D-497B-93A9-9B55A5EE1E6C}.Debug|iPhone.Deploy.0 = Debug|Any CPU
		{140FCBE4-065D-497B-93A9-9B55A5EE1E6C}.Debug|iPhoneSimulator.ActiveCfg = Debug|Any CPU
		{140FCBE4-065D-497B-93A9-9B55A5EE1E6C}.Debug|x64.ActiveCfg = Debug|Any CPU
		{140FCBE4-065D-497B-93A9-9B55A5EE1E6C}.Debug|x64.Build.0 = Debug|Any CPU
		{140FCBE4-065D-497B-93A9-9B55A5EE1E6C}.Debug|x64.Deploy.0 = Debug|Any CPU
		{140FCBE4-065D-497B-93A9-9B55A5EE1E6C}.Debug|x86.ActiveCfg = Debug|Any CPU
		{140FCBE4-065D-497B-93A9-9B55A5EE1E6C}.Debug|x86.Build.0 = Debug|Any CPU
		{140FCBE4-065D-497B-93A9-9B55A5EE1E6C}.Debug|x86.Deploy.0 = Debug|Any CPU
		{140FCBE4-065D-497B-93A9-9B55A5EE1E6C}.Release|Any CPU.ActiveCfg = Release|Any CPU
		{140FCBE4-065D-497B-93A9-9B55A5EE1E6C}.Release|Any CPU.Build.0 = Release|Any CPU
		{140FCBE4-065D-497B-93A9-9B55A5EE1E6C}.Release|Any CPU.Deploy.0 = Release|Any CPU
		{140FCBE4-065D-497B-93A9-9B55A5EE1E6C}.Release|ARM.ActiveCfg = Release|Any CPU
		{140FCBE4-065D-497B-93A9-9B55A5EE1E6C}.Release|ARM.Build.0 = Release|Any CPU
		{140FCBE4-065D-497B-93A9-9B55A5EE1E6C}.Release|ARM.Deploy.0 = Release|Any CPU
		{140FCBE4-065D-497B-93A9-9B55A5EE1E6C}.Release|iPhone.ActiveCfg = Release|Any CPU
		{140FCBE4-065D-497B-93A9-9B55A5EE1E6C}.Release|iPhone.Build.0 = Release|Any CPU
		{140FCBE4-065D-497B-93A9-9B55A5EE1E6C}.Release|iPhone.Deploy.0 = Release|Any CPU
		{140FCBE4-065D-497B-93A9-9B55A5EE1E6C}.Release|iPhoneSimulator.ActiveCfg = Release|Any CPU
		{140FCBE4-065D-497B-93A9-9B55A5EE1E6C}.Release|iPhoneSimulator.Build.0 = Release|Any CPU
		{140FCBE4-065D-497B-93A9-9B55A5EE1E6C}.Release|iPhoneSimulator.Deploy.0 = Release|Any CPU
		{140FCBE4-065D-497B-93A9-9B55A5EE1E6C}.Release|x64.ActiveCfg = Release|Any CPU
		{140FCBE4-065D-497B-93A9-9B55A5EE1E6C}.Release|x64.Build.0 = Release|Any CPU
		{140FCBE4-065D-497B-93A9-9B55A5EE1E6C}.Release|x64.Deploy.0 = Release|Any CPU
		{140FCBE4-065D-497B-93A9-9B55A5EE1E6C}.Release|x86.ActiveCfg = Release|Any CPU
		{140FCBE4-065D-497B-93A9-9B55A5EE1E6C}.Release|x86.Build.0 = Release|Any CPU
		{140FCBE4-065D-497B-93A9-9B55A5EE1E6C}.Release|x86.Deploy.0 = Release|Any CPU
		{BC4D35CA-9335-4A75-972C-FA70A0FC0BD0}.Ad-Hoc|Any CPU.ActiveCfg = Ad-Hoc|iPhone
		{BC4D35CA-9335-4A75-972C-FA70A0FC0BD0}.Ad-Hoc|ARM.ActiveCfg = Ad-Hoc|iPhone
		{BC4D35CA-9335-4A75-972C-FA70A0FC0BD0}.Ad-Hoc|iPhone.ActiveCfg = Ad-Hoc|iPhone
		{BC4D35CA-9335-4A75-972C-FA70A0FC0BD0}.Ad-Hoc|iPhone.Build.0 = Ad-Hoc|iPhone
		{BC4D35CA-9335-4A75-972C-FA70A0FC0BD0}.Ad-Hoc|iPhoneSimulator.ActiveCfg = Ad-Hoc|iPhoneSimulator
		{BC4D35CA-9335-4A75-972C-FA70A0FC0BD0}.Ad-Hoc|iPhoneSimulator.Build.0 = Ad-Hoc|iPhoneSimulator
		{BC4D35CA-9335-4A75-972C-FA70A0FC0BD0}.Ad-Hoc|x64.ActiveCfg = Ad-Hoc|iPhone
		{BC4D35CA-9335-4A75-972C-FA70A0FC0BD0}.Ad-Hoc|x86.ActiveCfg = Ad-Hoc|iPhone
		{BC4D35CA-9335-4A75-972C-FA70A0FC0BD0}.AppStore|Any CPU.ActiveCfg = AppStore|iPhone
		{BC4D35CA-9335-4A75-972C-FA70A0FC0BD0}.AppStore|ARM.ActiveCfg = AppStore|iPhone
		{BC4D35CA-9335-4A75-972C-FA70A0FC0BD0}.AppStore|iPhone.ActiveCfg = AppStore|iPhone
		{BC4D35CA-9335-4A75-972C-FA70A0FC0BD0}.AppStore|iPhone.Build.0 = AppStore|iPhone
		{BC4D35CA-9335-4A75-972C-FA70A0FC0BD0}.AppStore|iPhoneSimulator.ActiveCfg = AppStore|iPhoneSimulator
		{BC4D35CA-9335-4A75-972C-FA70A0FC0BD0}.AppStore|iPhoneSimulator.Build.0 = AppStore|iPhoneSimulator
		{BC4D35CA-9335-4A75-972C-FA70A0FC0BD0}.AppStore|x64.ActiveCfg = AppStore|iPhone
		{BC4D35CA-9335-4A75-972C-FA70A0FC0BD0}.AppStore|x86.ActiveCfg = AppStore|iPhone
		{BC4D35CA-9335-4A75-972C-FA70A0FC0BD0}.Debug|Any CPU.ActiveCfg = Debug|iPhone
		{BC4D35CA-9335-4A75-972C-FA70A0FC0BD0}.Debug|ARM.ActiveCfg = Debug|iPhone
		{BC4D35CA-9335-4A75-972C-FA70A0FC0BD0}.Debug|iPhone.ActiveCfg = Debug|iPhone
		{BC4D35CA-9335-4A75-972C-FA70A0FC0BD0}.Debug|iPhone.Build.0 = Debug|iPhone
		{BC4D35CA-9335-4A75-972C-FA70A0FC0BD0}.Debug|iPhoneSimulator.ActiveCfg = Debug|iPhoneSimulator
		{BC4D35CA-9335-4A75-972C-FA70A0FC0BD0}.Debug|iPhoneSimulator.Build.0 = Debug|iPhoneSimulator
		{BC4D35CA-9335-4A75-972C-FA70A0FC0BD0}.Debug|x64.ActiveCfg = Debug|iPhone
		{BC4D35CA-9335-4A75-972C-FA70A0FC0BD0}.Debug|x86.ActiveCfg = Debug|iPhone
		{BC4D35CA-9335-4A75-972C-FA70A0FC0BD0}.Release|Any CPU.ActiveCfg = Release|iPhoneSimulator
		{BC4D35CA-9335-4A75-972C-FA70A0FC0BD0}.Release|Any CPU.Build.0 = Release|iPhoneSimulator
		{BC4D35CA-9335-4A75-972C-FA70A0FC0BD0}.Release|ARM.ActiveCfg = Release|iPhone
		{BC4D35CA-9335-4A75-972C-FA70A0FC0BD0}.Release|iPhone.ActiveCfg = Release|iPhone
		{BC4D35CA-9335-4A75-972C-FA70A0FC0BD0}.Release|iPhone.Build.0 = Release|iPhone
		{BC4D35CA-9335-4A75-972C-FA70A0FC0BD0}.Release|iPhoneSimulator.ActiveCfg = Release|iPhoneSimulator
		{BC4D35CA-9335-4A75-972C-FA70A0FC0BD0}.Release|iPhoneSimulator.Build.0 = Release|iPhoneSimulator
		{BC4D35CA-9335-4A75-972C-FA70A0FC0BD0}.Release|x64.ActiveCfg = Release|iPhone
		{BC4D35CA-9335-4A75-972C-FA70A0FC0BD0}.Release|x86.ActiveCfg = Release|iPhone
		{17D28ABC-DBFA-46EE-8B02-FCDFD2AC9620}.Ad-Hoc|Any CPU.ActiveCfg = Release|Any CPU
		{17D28ABC-DBFA-46EE-8B02-FCDFD2AC9620}.Ad-Hoc|Any CPU.Build.0 = Release|Any CPU
		{17D28ABC-DBFA-46EE-8B02-FCDFD2AC9620}.Ad-Hoc|Any CPU.Deploy.0 = Release|Any CPU
		{17D28ABC-DBFA-46EE-8B02-FCDFD2AC9620}.Ad-Hoc|ARM.ActiveCfg = Release|ARM
		{17D28ABC-DBFA-46EE-8B02-FCDFD2AC9620}.Ad-Hoc|ARM.Build.0 = Release|ARM
		{17D28ABC-DBFA-46EE-8B02-FCDFD2AC9620}.Ad-Hoc|ARM.Deploy.0 = Release|ARM
		{17D28ABC-DBFA-46EE-8B02-FCDFD2AC9620}.Ad-Hoc|iPhone.ActiveCfg = Release|Any CPU
		{17D28ABC-DBFA-46EE-8B02-FCDFD2AC9620}.Ad-Hoc|iPhone.Build.0 = Release|Any CPU
		{17D28ABC-DBFA-46EE-8B02-FCDFD2AC9620}.Ad-Hoc|iPhone.Deploy.0 = Release|Any CPU
		{17D28ABC-DBFA-46EE-8B02-FCDFD2AC9620}.Ad-Hoc|iPhoneSimulator.ActiveCfg = Release|Any CPU
		{17D28ABC-DBFA-46EE-8B02-FCDFD2AC9620}.Ad-Hoc|iPhoneSimulator.Build.0 = Release|Any CPU
		{17D28ABC-DBFA-46EE-8B02-FCDFD2AC9620}.Ad-Hoc|iPhoneSimulator.Deploy.0 = Release|Any CPU
		{17D28ABC-DBFA-46EE-8B02-FCDFD2AC9620}.Ad-Hoc|x64.ActiveCfg = Release|Any CPU
		{17D28ABC-DBFA-46EE-8B02-FCDFD2AC9620}.Ad-Hoc|x64.Build.0 = Release|Any CPU
		{17D28ABC-DBFA-46EE-8B02-FCDFD2AC9620}.Ad-Hoc|x64.Deploy.0 = Release|Any CPU
		{17D28ABC-DBFA-46EE-8B02-FCDFD2AC9620}.Ad-Hoc|x86.ActiveCfg = Release|x86
		{17D28ABC-DBFA-46EE-8B02-FCDFD2AC9620}.Ad-Hoc|x86.Build.0 = Release|x86
		{17D28ABC-DBFA-46EE-8B02-FCDFD2AC9620}.Ad-Hoc|x86.Deploy.0 = Release|x86
		{17D28ABC-DBFA-46EE-8B02-FCDFD2AC9620}.AppStore|Any CPU.ActiveCfg = Release|Any CPU
		{17D28ABC-DBFA-46EE-8B02-FCDFD2AC9620}.AppStore|Any CPU.Build.0 = Release|Any CPU
		{17D28ABC-DBFA-46EE-8B02-FCDFD2AC9620}.AppStore|Any CPU.Deploy.0 = Release|Any CPU
		{17D28ABC-DBFA-46EE-8B02-FCDFD2AC9620}.AppStore|ARM.ActiveCfg = Release|ARM
		{17D28ABC-DBFA-46EE-8B02-FCDFD2AC9620}.AppStore|ARM.Build.0 = Release|ARM
		{17D28ABC-DBFA-46EE-8B02-FCDFD2AC9620}.AppStore|ARM.Deploy.0 = Release|ARM
		{17D28ABC-DBFA-46EE-8B02-FCDFD2AC9620}.AppStore|iPhone.ActiveCfg = Release|Any CPU
		{17D28ABC-DBFA-46EE-8B02-FCDFD2AC9620}.AppStore|iPhone.Build.0 = Release|Any CPU
		{17D28ABC-DBFA-46EE-8B02-FCDFD2AC9620}.AppStore|iPhone.Deploy.0 = Release|Any CPU
		{17D28ABC-DBFA-46EE-8B02-FCDFD2AC9620}.AppStore|iPhoneSimulator.ActiveCfg = Release|Any CPU
		{17D28ABC-DBFA-46EE-8B02-FCDFD2AC9620}.AppStore|iPhoneSimulator.Build.0 = Release|Any CPU
		{17D28ABC-DBFA-46EE-8B02-FCDFD2AC9620}.AppStore|iPhoneSimulator.Deploy.0 = Release|Any CPU
		{17D28ABC-DBFA-46EE-8B02-FCDFD2AC9620}.AppStore|x64.ActiveCfg = Release|Any CPU
		{17D28ABC-DBFA-46EE-8B02-FCDFD2AC9620}.AppStore|x64.Build.0 = Release|Any CPU
		{17D28ABC-DBFA-46EE-8B02-FCDFD2AC9620}.AppStore|x64.Deploy.0 = Release|Any CPU
		{17D28ABC-DBFA-46EE-8B02-FCDFD2AC9620}.AppStore|x86.ActiveCfg = Release|x86
		{17D28ABC-DBFA-46EE-8B02-FCDFD2AC9620}.AppStore|x86.Build.0 = Release|x86
		{17D28ABC-DBFA-46EE-8B02-FCDFD2AC9620}.AppStore|x86.Deploy.0 = Release|x86
		{17D28ABC-DBFA-46EE-8B02-FCDFD2AC9620}.Debug|Any CPU.ActiveCfg = Debug|Any CPU
		{17D28ABC-DBFA-46EE-8B02-FCDFD2AC9620}.Debug|Any CPU.Build.0 = Debug|Any CPU
		{17D28ABC-DBFA-46EE-8B02-FCDFD2AC9620}.Debug|Any CPU.Deploy.0 = Debug|Any CPU
		{17D28ABC-DBFA-46EE-8B02-FCDFD2AC9620}.Debug|ARM.ActiveCfg = Debug|ARM
		{17D28ABC-DBFA-46EE-8B02-FCDFD2AC9620}.Debug|ARM.Build.0 = Debug|ARM
		{17D28ABC-DBFA-46EE-8B02-FCDFD2AC9620}.Debug|ARM.Deploy.0 = Debug|ARM
		{17D28ABC-DBFA-46EE-8B02-FCDFD2AC9620}.Debug|iPhone.ActiveCfg = Debug|Any CPU
		{17D28ABC-DBFA-46EE-8B02-FCDFD2AC9620}.Debug|iPhone.Build.0 = Debug|Any CPU
		{17D28ABC-DBFA-46EE-8B02-FCDFD2AC9620}.Debug|iPhone.Deploy.0 = Debug|Any CPU
		{17D28ABC-DBFA-46EE-8B02-FCDFD2AC9620}.Debug|iPhoneSimulator.ActiveCfg = Debug|Any CPU
		{17D28ABC-DBFA-46EE-8B02-FCDFD2AC9620}.Debug|x64.ActiveCfg = Debug|Any CPU
		{17D28ABC-DBFA-46EE-8B02-FCDFD2AC9620}.Debug|x64.Build.0 = Debug|Any CPU
		{17D28ABC-DBFA-46EE-8B02-FCDFD2AC9620}.Debug|x64.Deploy.0 = Debug|Any CPU
		{17D28ABC-DBFA-46EE-8B02-FCDFD2AC9620}.Debug|x86.ActiveCfg = Debug|x86
		{17D28ABC-DBFA-46EE-8B02-FCDFD2AC9620}.Debug|x86.Build.0 = Debug|x86
		{17D28ABC-DBFA-46EE-8B02-FCDFD2AC9620}.Debug|x86.Deploy.0 = Debug|x86
		{17D28ABC-DBFA-46EE-8B02-FCDFD2AC9620}.Release|Any CPU.ActiveCfg = Release|Any CPU
		{17D28ABC-DBFA-46EE-8B02-FCDFD2AC9620}.Release|Any CPU.Build.0 = Release|Any CPU
		{17D28ABC-DBFA-46EE-8B02-FCDFD2AC9620}.Release|Any CPU.Deploy.0 = Release|Any CPU
		{17D28ABC-DBFA-46EE-8B02-FCDFD2AC9620}.Release|ARM.ActiveCfg = Release|ARM
		{17D28ABC-DBFA-46EE-8B02-FCDFD2AC9620}.Release|ARM.Build.0 = Release|ARM
		{17D28ABC-DBFA-46EE-8B02-FCDFD2AC9620}.Release|ARM.Deploy.0 = Release|ARM
		{17D28ABC-DBFA-46EE-8B02-FCDFD2AC9620}.Release|iPhone.ActiveCfg = Release|Any CPU
		{17D28ABC-DBFA-46EE-8B02-FCDFD2AC9620}.Release|iPhone.Build.0 = Release|Any CPU
		{17D28ABC-DBFA-46EE-8B02-FCDFD2AC9620}.Release|iPhone.Deploy.0 = Release|Any CPU
		{17D28ABC-DBFA-46EE-8B02-FCDFD2AC9620}.Release|iPhoneSimulator.ActiveCfg = Release|Any CPU
		{17D28ABC-DBFA-46EE-8B02-FCDFD2AC9620}.Release|iPhoneSimulator.Build.0 = Release|Any CPU
		{17D28ABC-DBFA-46EE-8B02-FCDFD2AC9620}.Release|iPhoneSimulator.Deploy.0 = Release|Any CPU
		{17D28ABC-DBFA-46EE-8B02-FCDFD2AC9620}.Release|x64.ActiveCfg = Release|Any CPU
		{17D28ABC-DBFA-46EE-8B02-FCDFD2AC9620}.Release|x64.Build.0 = Release|Any CPU
		{17D28ABC-DBFA-46EE-8B02-FCDFD2AC9620}.Release|x64.Deploy.0 = Release|Any CPU
		{17D28ABC-DBFA-46EE-8B02-FCDFD2AC9620}.Release|x86.ActiveCfg = Release|x86
		{17D28ABC-DBFA-46EE-8B02-FCDFD2AC9620}.Release|x86.Build.0 = Release|x86
		{17D28ABC-DBFA-46EE-8B02-FCDFD2AC9620}.Release|x86.Deploy.0 = Release|x86
		{70A9E1C9-514B-4D5E-8C3C-D511909AFAC0}.Ad-Hoc|Any CPU.ActiveCfg = Release|Any CPU
		{70A9E1C9-514B-4D5E-8C3C-D511909AFAC0}.Ad-Hoc|Any CPU.Build.0 = Release|Any CPU
		{70A9E1C9-514B-4D5E-8C3C-D511909AFAC0}.Ad-Hoc|ARM.ActiveCfg = Release|Any CPU
		{70A9E1C9-514B-4D5E-8C3C-D511909AFAC0}.Ad-Hoc|ARM.Build.0 = Release|Any CPU
		{70A9E1C9-514B-4D5E-8C3C-D511909AFAC0}.Ad-Hoc|iPhone.ActiveCfg = Release|Any CPU
		{70A9E1C9-514B-4D5E-8C3C-D511909AFAC0}.Ad-Hoc|iPhone.Build.0 = Release|Any CPU
		{70A9E1C9-514B-4D5E-8C3C-D511909AFAC0}.Ad-Hoc|iPhoneSimulator.ActiveCfg = Release|Any CPU
		{70A9E1C9-514B-4D5E-8C3C-D511909AFAC0}.Ad-Hoc|iPhoneSimulator.Build.0 = Release|Any CPU
		{70A9E1C9-514B-4D5E-8C3C-D511909AFAC0}.Ad-Hoc|x64.ActiveCfg = Release|Any CPU
		{70A9E1C9-514B-4D5E-8C3C-D511909AFAC0}.Ad-Hoc|x64.Build.0 = Release|Any CPU
		{70A9E1C9-514B-4D5E-8C3C-D511909AFAC0}.Ad-Hoc|x86.ActiveCfg = Release|Any CPU
		{70A9E1C9-514B-4D5E-8C3C-D511909AFAC0}.Ad-Hoc|x86.Build.0 = Release|Any CPU
		{70A9E1C9-514B-4D5E-8C3C-D511909AFAC0}.AppStore|Any CPU.ActiveCfg = Release|Any CPU
		{70A9E1C9-514B-4D5E-8C3C-D511909AFAC0}.AppStore|Any CPU.Build.0 = Release|Any CPU
		{70A9E1C9-514B-4D5E-8C3C-D511909AFAC0}.AppStore|ARM.ActiveCfg = Release|Any CPU
		{70A9E1C9-514B-4D5E-8C3C-D511909AFAC0}.AppStore|ARM.Build.0 = Release|Any CPU
		{70A9E1C9-514B-4D5E-8C3C-D511909AFAC0}.AppStore|iPhone.ActiveCfg = Release|Any CPU
		{70A9E1C9-514B-4D5E-8C3C-D511909AFAC0}.AppStore|iPhone.Build.0 = Release|Any CPU
		{70A9E1C9-514B-4D5E-8C3C-D511909AFAC0}.AppStore|iPhoneSimulator.ActiveCfg = Release|Any CPU
		{70A9E1C9-514B-4D5E-8C3C-D511909AFAC0}.AppStore|iPhoneSimulator.Build.0 = Release|Any CPU
		{70A9E1C9-514B-4D5E-8C3C-D511909AFAC0}.AppStore|x64.ActiveCfg = Release|Any CPU
		{70A9E1C9-514B-4D5E-8C3C-D511909AFAC0}.AppStore|x64.Build.0 = Release|Any CPU
		{70A9E1C9-514B-4D5E-8C3C-D511909AFAC0}.AppStore|x86.ActiveCfg = Release|Any CPU
		{70A9E1C9-514B-4D5E-8C3C-D511909AFAC0}.AppStore|x86.Build.0 = Release|Any CPU
		{70A9E1C9-514B-4D5E-8C3C-D511909AFAC0}.Debug|Any CPU.ActiveCfg = Debug|Any CPU
		{70A9E1C9-514B-4D5E-8C3C-D511909AFAC0}.Debug|Any CPU.Build.0 = Debug|Any CPU
		{70A9E1C9-514B-4D5E-8C3C-D511909AFAC0}.Debug|ARM.ActiveCfg = Debug|Any CPU
		{70A9E1C9-514B-4D5E-8C3C-D511909AFAC0}.Debug|ARM.Build.0 = Debug|Any CPU
		{70A9E1C9-514B-4D5E-8C3C-D511909AFAC0}.Debug|iPhone.ActiveCfg = Debug|Any CPU
		{70A9E1C9-514B-4D5E-8C3C-D511909AFAC0}.Debug|iPhone.Build.0 = Debug|Any CPU
		{70A9E1C9-514B-4D5E-8C3C-D511909AFAC0}.Debug|iPhoneSimulator.ActiveCfg = Debug|Any CPU
		{70A9E1C9-514B-4D5E-8C3C-D511909AFAC0}.Debug|iPhoneSimulator.Build.0 = Debug|Any CPU
		{70A9E1C9-514B-4D5E-8C3C-D511909AFAC0}.Debug|x64.ActiveCfg = Debug|Any CPU
		{70A9E1C9-514B-4D5E-8C3C-D511909AFAC0}.Debug|x64.Build.0 = Debug|Any CPU
		{70A9E1C9-514B-4D5E-8C3C-D511909AFAC0}.Debug|x86.ActiveCfg = Debug|Any CPU
		{70A9E1C9-514B-4D5E-8C3C-D511909AFAC0}.Debug|x86.Build.0 = Debug|Any CPU
		{70A9E1C9-514B-4D5E-8C3C-D511909AFAC0}.Release|Any CPU.ActiveCfg = Release|Any CPU
		{70A9E1C9-514B-4D5E-8C3C-D511909AFAC0}.Release|Any CPU.Build.0 = Release|Any CPU
		{70A9E1C9-514B-4D5E-8C3C-D511909AFAC0}.Release|ARM.ActiveCfg = Release|Any CPU
		{70A9E1C9-514B-4D5E-8C3C-D511909AFAC0}.Release|ARM.Build.0 = Release|Any CPU
		{70A9E1C9-514B-4D5E-8C3C-D511909AFAC0}.Release|iPhone.ActiveCfg = Release|Any CPU
		{70A9E1C9-514B-4D5E-8C3C-D511909AFAC0}.Release|iPhone.Build.0 = Release|Any CPU
		{70A9E1C9-514B-4D5E-8C3C-D511909AFAC0}.Release|iPhoneSimulator.ActiveCfg = Release|Any CPU
		{70A9E1C9-514B-4D5E-8C3C-D511909AFAC0}.Release|iPhoneSimulator.Build.0 = Release|Any CPU
		{70A9E1C9-514B-4D5E-8C3C-D511909AFAC0}.Release|x64.ActiveCfg = Release|Any CPU
		{70A9E1C9-514B-4D5E-8C3C-D511909AFAC0}.Release|x64.Build.0 = Release|Any CPU
		{70A9E1C9-514B-4D5E-8C3C-D511909AFAC0}.Release|x86.ActiveCfg = Release|Any CPU
		{70A9E1C9-514B-4D5E-8C3C-D511909AFAC0}.Release|x86.Build.0 = Release|Any CPU
		{8F55A307-9930-46BB-93F8-16C59F71C8AD}.Ad-Hoc|Any CPU.ActiveCfg = Release|Any CPU
		{8F55A307-9930-46BB-93F8-16C59F71C8AD}.Ad-Hoc|Any CPU.Build.0 = Release|Any CPU
		{8F55A307-9930-46BB-93F8-16C59F71C8AD}.Ad-Hoc|ARM.ActiveCfg = Release|Any CPU
		{8F55A307-9930-46BB-93F8-16C59F71C8AD}.Ad-Hoc|ARM.Build.0 = Release|Any CPU
		{8F55A307-9930-46BB-93F8-16C59F71C8AD}.Ad-Hoc|iPhone.ActiveCfg = Release|Any CPU
		{8F55A307-9930-46BB-93F8-16C59F71C8AD}.Ad-Hoc|iPhone.Build.0 = Release|Any CPU
		{8F55A307-9930-46BB-93F8-16C59F71C8AD}.Ad-Hoc|iPhoneSimulator.ActiveCfg = Release|Any CPU
		{8F55A307-9930-46BB-93F8-16C59F71C8AD}.Ad-Hoc|iPhoneSimulator.Build.0 = Release|Any CPU
		{8F55A307-9930-46BB-93F8-16C59F71C8AD}.Ad-Hoc|x64.ActiveCfg = Release|Any CPU
		{8F55A307-9930-46BB-93F8-16C59F71C8AD}.Ad-Hoc|x64.Build.0 = Release|Any CPU
		{8F55A307-9930-46BB-93F8-16C59F71C8AD}.Ad-Hoc|x86.ActiveCfg = Release|Any CPU
		{8F55A307-9930-46BB-93F8-16C59F71C8AD}.Ad-Hoc|x86.Build.0 = Release|Any CPU
		{8F55A307-9930-46BB-93F8-16C59F71C8AD}.AppStore|Any CPU.ActiveCfg = Release|Any CPU
		{8F55A307-9930-46BB-93F8-16C59F71C8AD}.AppStore|Any CPU.Build.0 = Release|Any CPU
		{8F55A307-9930-46BB-93F8-16C59F71C8AD}.AppStore|ARM.ActiveCfg = Release|Any CPU
		{8F55A307-9930-46BB-93F8-16C59F71C8AD}.AppStore|ARM.Build.0 = Release|Any CPU
		{8F55A307-9930-46BB-93F8-16C59F71C8AD}.AppStore|iPhone.ActiveCfg = Release|Any CPU
		{8F55A307-9930-46BB-93F8-16C59F71C8AD}.AppStore|iPhone.Build.0 = Release|Any CPU
		{8F55A307-9930-46BB-93F8-16C59F71C8AD}.AppStore|iPhoneSimulator.ActiveCfg = Release|Any CPU
		{8F55A307-9930-46BB-93F8-16C59F71C8AD}.AppStore|iPhoneSimulator.Build.0 = Release|Any CPU
		{8F55A307-9930-46BB-93F8-16C59F71C8AD}.AppStore|x64.ActiveCfg = Release|Any CPU
		{8F55A307-9930-46BB-93F8-16C59F71C8AD}.AppStore|x64.Build.0 = Release|Any CPU
		{8F55A307-9930-46BB-93F8-16C59F71C8AD}.AppStore|x86.ActiveCfg = Release|Any CPU
		{8F55A307-9930-46BB-93F8-16C59F71C8AD}.AppStore|x86.Build.0 = Release|Any CPU
		{8F55A307-9930-46BB-93F8-16C59F71C8AD}.Debug|Any CPU.ActiveCfg = Debug|Any CPU
		{8F55A307-9930-46BB-93F8-16C59F71C8AD}.Debug|Any CPU.Build.0 = Debug|Any CPU
		{8F55A307-9930-46BB-93F8-16C59F71C8AD}.Debug|ARM.ActiveCfg = Debug|Any CPU
		{8F55A307-9930-46BB-93F8-16C59F71C8AD}.Debug|ARM.Build.0 = Debug|Any CPU
		{8F55A307-9930-46BB-93F8-16C59F71C8AD}.Debug|iPhone.ActiveCfg = Debug|Any CPU
		{8F55A307-9930-46BB-93F8-16C59F71C8AD}.Debug|iPhone.Build.0 = Debug|Any CPU
		{8F55A307-9930-46BB-93F8-16C59F71C8AD}.Debug|iPhoneSimulator.ActiveCfg = Debug|Any CPU
		{8F55A307-9930-46BB-93F8-16C59F71C8AD}.Debug|iPhoneSimulator.Build.0 = Debug|Any CPU
		{8F55A307-9930-46BB-93F8-16C59F71C8AD}.Debug|x64.ActiveCfg = Debug|Any CPU
		{8F55A307-9930-46BB-93F8-16C59F71C8AD}.Debug|x64.Build.0 = Debug|Any CPU
		{8F55A307-9930-46BB-93F8-16C59F71C8AD}.Debug|x86.ActiveCfg = Debug|Any CPU
		{8F55A307-9930-46BB-93F8-16C59F71C8AD}.Debug|x86.Build.0 = Debug|Any CPU
		{8F55A307-9930-46BB-93F8-16C59F71C8AD}.Release|Any CPU.ActiveCfg = Release|Any CPU
		{8F55A307-9930-46BB-93F8-16C59F71C8AD}.Release|Any CPU.Build.0 = Release|Any CPU
		{8F55A307-9930-46BB-93F8-16C59F71C8AD}.Release|ARM.ActiveCfg = Release|Any CPU
		{8F55A307-9930-46BB-93F8-16C59F71C8AD}.Release|ARM.Build.0 = Release|Any CPU
		{8F55A307-9930-46BB-93F8-16C59F71C8AD}.Release|iPhone.ActiveCfg = Release|Any CPU
		{8F55A307-9930-46BB-93F8-16C59F71C8AD}.Release|iPhone.Build.0 = Release|Any CPU
		{8F55A307-9930-46BB-93F8-16C59F71C8AD}.Release|iPhoneSimulator.ActiveCfg = Release|Any CPU
		{8F55A307-9930-46BB-93F8-16C59F71C8AD}.Release|iPhoneSimulator.Build.0 = Release|Any CPU
		{8F55A307-9930-46BB-93F8-16C59F71C8AD}.Release|x64.ActiveCfg = Release|Any CPU
		{8F55A307-9930-46BB-93F8-16C59F71C8AD}.Release|x64.Build.0 = Release|Any CPU
		{8F55A307-9930-46BB-93F8-16C59F71C8AD}.Release|x86.ActiveCfg = Release|Any CPU
		{8F55A307-9930-46BB-93F8-16C59F71C8AD}.Release|x86.Build.0 = Release|Any CPU
		{43FBEC2C-C928-4851-9FA2-DFE6D77B2B66}.Ad-Hoc|Any CPU.ActiveCfg = Release|Any CPU
		{43FBEC2C-C928-4851-9FA2-DFE6D77B2B66}.Ad-Hoc|Any CPU.Build.0 = Release|Any CPU
		{43FBEC2C-C928-4851-9FA2-DFE6D77B2B66}.Ad-Hoc|ARM.ActiveCfg = Release|Any CPU
		{43FBEC2C-C928-4851-9FA2-DFE6D77B2B66}.Ad-Hoc|ARM.Build.0 = Release|Any CPU
		{43FBEC2C-C928-4851-9FA2-DFE6D77B2B66}.Ad-Hoc|iPhone.ActiveCfg = Release|Any CPU
		{43FBEC2C-C928-4851-9FA2-DFE6D77B2B66}.Ad-Hoc|iPhone.Build.0 = Release|Any CPU
		{43FBEC2C-C928-4851-9FA2-DFE6D77B2B66}.Ad-Hoc|iPhoneSimulator.ActiveCfg = Release|Any CPU
		{43FBEC2C-C928-4851-9FA2-DFE6D77B2B66}.Ad-Hoc|iPhoneSimulator.Build.0 = Release|Any CPU
		{43FBEC2C-C928-4851-9FA2-DFE6D77B2B66}.Ad-Hoc|x64.ActiveCfg = Release|Any CPU
		{43FBEC2C-C928-4851-9FA2-DFE6D77B2B66}.Ad-Hoc|x64.Build.0 = Release|Any CPU
		{43FBEC2C-C928-4851-9FA2-DFE6D77B2B66}.Ad-Hoc|x86.ActiveCfg = Release|Any CPU
		{43FBEC2C-C928-4851-9FA2-DFE6D77B2B66}.Ad-Hoc|x86.Build.0 = Release|Any CPU
		{43FBEC2C-C928-4851-9FA2-DFE6D77B2B66}.AppStore|Any CPU.ActiveCfg = Release|Any CPU
		{43FBEC2C-C928-4851-9FA2-DFE6D77B2B66}.AppStore|Any CPU.Build.0 = Release|Any CPU
		{43FBEC2C-C928-4851-9FA2-DFE6D77B2B66}.AppStore|ARM.ActiveCfg = Release|Any CPU
		{43FBEC2C-C928-4851-9FA2-DFE6D77B2B66}.AppStore|ARM.Build.0 = Release|Any CPU
		{43FBEC2C-C928-4851-9FA2-DFE6D77B2B66}.AppStore|iPhone.ActiveCfg = Release|Any CPU
		{43FBEC2C-C928-4851-9FA2-DFE6D77B2B66}.AppStore|iPhone.Build.0 = Release|Any CPU
		{43FBEC2C-C928-4851-9FA2-DFE6D77B2B66}.AppStore|iPhoneSimulator.ActiveCfg = Release|Any CPU
		{43FBEC2C-C928-4851-9FA2-DFE6D77B2B66}.AppStore|iPhoneSimulator.Build.0 = Release|Any CPU
		{43FBEC2C-C928-4851-9FA2-DFE6D77B2B66}.AppStore|x64.ActiveCfg = Release|Any CPU
		{43FBEC2C-C928-4851-9FA2-DFE6D77B2B66}.AppStore|x64.Build.0 = Release|Any CPU
		{43FBEC2C-C928-4851-9FA2-DFE6D77B2B66}.AppStore|x86.ActiveCfg = Release|Any CPU
		{43FBEC2C-C928-4851-9FA2-DFE6D77B2B66}.AppStore|x86.Build.0 = Release|Any CPU
		{43FBEC2C-C928-4851-9FA2-DFE6D77B2B66}.Debug|Any CPU.ActiveCfg = Debug|Any CPU
		{43FBEC2C-C928-4851-9FA2-DFE6D77B2B66}.Debug|Any CPU.Build.0 = Debug|Any CPU
		{43FBEC2C-C928-4851-9FA2-DFE6D77B2B66}.Debug|ARM.ActiveCfg = Debug|Any CPU
		{43FBEC2C-C928-4851-9FA2-DFE6D77B2B66}.Debug|ARM.Build.0 = Debug|Any CPU
		{43FBEC2C-C928-4851-9FA2-DFE6D77B2B66}.Debug|iPhone.ActiveCfg = Debug|Any CPU
		{43FBEC2C-C928-4851-9FA2-DFE6D77B2B66}.Debug|iPhone.Build.0 = Debug|Any CPU
		{43FBEC2C-C928-4851-9FA2-DFE6D77B2B66}.Debug|iPhoneSimulator.ActiveCfg = Debug|Any CPU
		{43FBEC2C-C928-4851-9FA2-DFE6D77B2B66}.Debug|iPhoneSimulator.Build.0 = Debug|Any CPU
		{43FBEC2C-C928-4851-9FA2-DFE6D77B2B66}.Debug|x64.ActiveCfg = Debug|Any CPU
		{43FBEC2C-C928-4851-9FA2-DFE6D77B2B66}.Debug|x64.Build.0 = Debug|Any CPU
		{43FBEC2C-C928-4851-9FA2-DFE6D77B2B66}.Debug|x86.ActiveCfg = Debug|Any CPU
		{43FBEC2C-C928-4851-9FA2-DFE6D77B2B66}.Debug|x86.Build.0 = Debug|Any CPU
		{43FBEC2C-C928-4851-9FA2-DFE6D77B2B66}.Release|Any CPU.ActiveCfg = Release|Any CPU
		{43FBEC2C-C928-4851-9FA2-DFE6D77B2B66}.Release|Any CPU.Build.0 = Release|Any CPU
		{43FBEC2C-C928-4851-9FA2-DFE6D77B2B66}.Release|ARM.ActiveCfg = Release|Any CPU
		{43FBEC2C-C928-4851-9FA2-DFE6D77B2B66}.Release|ARM.Build.0 = Release|Any CPU
		{43FBEC2C-C928-4851-9FA2-DFE6D77B2B66}.Release|iPhone.ActiveCfg = Release|Any CPU
		{43FBEC2C-C928-4851-9FA2-DFE6D77B2B66}.Release|iPhone.Build.0 = Release|Any CPU
		{43FBEC2C-C928-4851-9FA2-DFE6D77B2B66}.Release|iPhoneSimulator.ActiveCfg = Release|Any CPU
		{43FBEC2C-C928-4851-9FA2-DFE6D77B2B66}.Release|iPhoneSimulator.Build.0 = Release|Any CPU
		{43FBEC2C-C928-4851-9FA2-DFE6D77B2B66}.Release|x64.ActiveCfg = Release|Any CPU
		{43FBEC2C-C928-4851-9FA2-DFE6D77B2B66}.Release|x64.Build.0 = Release|Any CPU
		{43FBEC2C-C928-4851-9FA2-DFE6D77B2B66}.Release|x86.ActiveCfg = Release|Any CPU
		{43FBEC2C-C928-4851-9FA2-DFE6D77B2B66}.Release|x86.Build.0 = Release|Any CPU
		{B04A158E-BA6E-4C57-99DF-C2A452DC8D71}.Ad-Hoc|Any CPU.ActiveCfg = Release|Any CPU
		{B04A158E-BA6E-4C57-99DF-C2A452DC8D71}.Ad-Hoc|Any CPU.Build.0 = Release|Any CPU
		{B04A158E-BA6E-4C57-99DF-C2A452DC8D71}.Ad-Hoc|ARM.ActiveCfg = Release|ARM
		{B04A158E-BA6E-4C57-99DF-C2A452DC8D71}.Ad-Hoc|ARM.Build.0 = Release|ARM
		{B04A158E-BA6E-4C57-99DF-C2A452DC8D71}.Ad-Hoc|iPhone.ActiveCfg = Release|Any CPU
		{B04A158E-BA6E-4C57-99DF-C2A452DC8D71}.Ad-Hoc|iPhone.Build.0 = Release|Any CPU
		{B04A158E-BA6E-4C57-99DF-C2A452DC8D71}.Ad-Hoc|iPhoneSimulator.ActiveCfg = Release|Any CPU
		{B04A158E-BA6E-4C57-99DF-C2A452DC8D71}.Ad-Hoc|iPhoneSimulator.Build.0 = Release|Any CPU
		{B04A158E-BA6E-4C57-99DF-C2A452DC8D71}.Ad-Hoc|x64.ActiveCfg = Release|x64
		{B04A158E-BA6E-4C57-99DF-C2A452DC8D71}.Ad-Hoc|x64.Build.0 = Release|x64
		{B04A158E-BA6E-4C57-99DF-C2A452DC8D71}.Ad-Hoc|x86.ActiveCfg = Release|x86
		{B04A158E-BA6E-4C57-99DF-C2A452DC8D71}.Ad-Hoc|x86.Build.0 = Release|x86
		{B04A158E-BA6E-4C57-99DF-C2A452DC8D71}.AppStore|Any CPU.ActiveCfg = Release|Any CPU
		{B04A158E-BA6E-4C57-99DF-C2A452DC8D71}.AppStore|Any CPU.Build.0 = Release|Any CPU
		{B04A158E-BA6E-4C57-99DF-C2A452DC8D71}.AppStore|ARM.ActiveCfg = Release|ARM
		{B04A158E-BA6E-4C57-99DF-C2A452DC8D71}.AppStore|ARM.Build.0 = Release|ARM
		{B04A158E-BA6E-4C57-99DF-C2A452DC8D71}.AppStore|iPhone.ActiveCfg = Release|Any CPU
		{B04A158E-BA6E-4C57-99DF-C2A452DC8D71}.AppStore|iPhone.Build.0 = Release|Any CPU
		{B04A158E-BA6E-4C57-99DF-C2A452DC8D71}.AppStore|iPhoneSimulator.ActiveCfg = Release|Any CPU
		{B04A158E-BA6E-4C57-99DF-C2A452DC8D71}.AppStore|iPhoneSimulator.Build.0 = Release|Any CPU
		{B04A158E-BA6E-4C57-99DF-C2A452DC8D71}.AppStore|x64.ActiveCfg = Release|x64
		{B04A158E-BA6E-4C57-99DF-C2A452DC8D71}.AppStore|x64.Build.0 = Release|x64
		{B04A158E-BA6E-4C57-99DF-C2A452DC8D71}.AppStore|x86.ActiveCfg = Release|x86
		{B04A158E-BA6E-4C57-99DF-C2A452DC8D71}.AppStore|x86.Build.0 = Release|x86
		{B04A158E-BA6E-4C57-99DF-C2A452DC8D71}.Debug|Any CPU.ActiveCfg = Debug|Any CPU
		{B04A158E-BA6E-4C57-99DF-C2A452DC8D71}.Debug|Any CPU.Build.0 = Debug|Any CPU
		{B04A158E-BA6E-4C57-99DF-C2A452DC8D71}.Debug|ARM.ActiveCfg = Debug|ARM
		{B04A158E-BA6E-4C57-99DF-C2A452DC8D71}.Debug|ARM.Build.0 = Debug|ARM
		{B04A158E-BA6E-4C57-99DF-C2A452DC8D71}.Debug|iPhone.ActiveCfg = Debug|Any CPU
		{B04A158E-BA6E-4C57-99DF-C2A452DC8D71}.Debug|iPhone.Build.0 = Debug|Any CPU
		{B04A158E-BA6E-4C57-99DF-C2A452DC8D71}.Debug|iPhoneSimulator.ActiveCfg = Debug|Any CPU
		{B04A158E-BA6E-4C57-99DF-C2A452DC8D71}.Debug|iPhoneSimulator.Build.0 = Debug|Any CPU
		{B04A158E-BA6E-4C57-99DF-C2A452DC8D71}.Debug|x64.ActiveCfg = Debug|x64
		{B04A158E-BA6E-4C57-99DF-C2A452DC8D71}.Debug|x64.Build.0 = Debug|x64
		{B04A158E-BA6E-4C57-99DF-C2A452DC8D71}.Debug|x86.ActiveCfg = Debug|x86
		{B04A158E-BA6E-4C57-99DF-C2A452DC8D71}.Debug|x86.Build.0 = Debug|x86
		{B04A158E-BA6E-4C57-99DF-C2A452DC8D71}.Release|Any CPU.ActiveCfg = Release|Any CPU
		{B04A158E-BA6E-4C57-99DF-C2A452DC8D71}.Release|Any CPU.Build.0 = Release|Any CPU
		{B04A158E-BA6E-4C57-99DF-C2A452DC8D71}.Release|ARM.ActiveCfg = Release|ARM
		{B04A158E-BA6E-4C57-99DF-C2A452DC8D71}.Release|ARM.Build.0 = Release|ARM
		{B04A158E-BA6E-4C57-99DF-C2A452DC8D71}.Release|iPhone.ActiveCfg = Release|Any CPU
		{B04A158E-BA6E-4C57-99DF-C2A452DC8D71}.Release|iPhone.Build.0 = Release|Any CPU
		{B04A158E-BA6E-4C57-99DF-C2A452DC8D71}.Release|iPhoneSimulator.ActiveCfg = Release|Any CPU
		{B04A158E-BA6E-4C57-99DF-C2A452DC8D71}.Release|iPhoneSimulator.Build.0 = Release|Any CPU
		{B04A158E-BA6E-4C57-99DF-C2A452DC8D71}.Release|x64.ActiveCfg = Release|x64
		{B04A158E-BA6E-4C57-99DF-C2A452DC8D71}.Release|x64.Build.0 = Release|x64
		{B04A158E-BA6E-4C57-99DF-C2A452DC8D71}.Release|x86.ActiveCfg = Release|x86
		{B04A158E-BA6E-4C57-99DF-C2A452DC8D71}.Release|x86.Build.0 = Release|x86
	EndGlobalSection
	GlobalSection(SolutionProperties) = preSolution
		HideSolutionNode = FALSE
	EndGlobalSection
	GlobalSection(NestedProjects) = preSolution
		{2CF5E868-1098-4C6D-9001-27D8DC0D87BE} = {B5AEA046-0E87-4A7B-8F11-80B6BDDA1F2A}
		{C7245ABF-C0C0-4CCA-A6E3-393CFAFE0BFC} = {CF7F4F9A-C237-462C-AC73-B028B77310A3}
		{06A8946E-A1B1-4D08-855F-798F50C0D8E7} = {CF7F4F9A-C237-462C-AC73-B028B77310A3}
		{71033A11-8395-47A6-BD8F-6F0224158332} = {CF7F4F9A-C237-462C-AC73-B028B77310A3}
		{140FCBE4-065D-497B-93A9-9B55A5EE1E6C} = {CF7F4F9A-C237-462C-AC73-B028B77310A3}
		{BC4D35CA-9335-4A75-972C-FA70A0FC0BD0} = {CF7F4F9A-C237-462C-AC73-B028B77310A3}
		{17D28ABC-DBFA-46EE-8B02-FCDFD2AC9620} = {CF7F4F9A-C237-462C-AC73-B028B77310A3}
		{70A9E1C9-514B-4D5E-8C3C-D511909AFAC0} = {CF7F4F9A-C237-462C-AC73-B028B77310A3}
		{43FBEC2C-C928-4851-9FA2-DFE6D77B2B66} = {CF7F4F9A-C237-462C-AC73-B028B77310A3}
	EndGlobalSection
EndGlobal
